// !$*UTF8*$!
{
	archiveVersion = 1;
	classes = {
	};
	objectVersion = 46;
	objects = {

/* Begin PBXBuildFile section */
		390B671115F95B1500C6F101 /* NSMutableDictionary+WeakReferences.m in Sources */ = {isa = PBXBuildFile; fileRef = 390B670F15F95B1500C6F101 /* NSMutableDictionary+WeakReferences.m */; };
		390E99411482C4CB002E14E7 /* OALAction.m in Sources */ = {isa = PBXBuildFile; fileRef = 3914D8C2147D58F00010C4A2 /* OALAction.m */; };
		390E99421482C508002E14E7 /* OALActionManager.m in Sources */ = {isa = PBXBuildFile; fileRef = 3914D8C4147D58F00010C4A2 /* OALActionManager.m */; };
		390E99431482C508002E14E7 /* OALAudioActions.m in Sources */ = {isa = PBXBuildFile; fileRef = 3914D8C6147D58F00010C4A2 /* OALAudioActions.m */; };
		390E99451482C508002E14E7 /* OALUtilityActions.m in Sources */ = {isa = PBXBuildFile; fileRef = 3914D8CA147D58F00010C4A2 /* OALUtilityActions.m */; };
		390E99461482C508002E14E7 /* OALAudioTrack.m in Sources */ = {isa = PBXBuildFile; fileRef = 3914D8CD147D58F00010C4A2 /* OALAudioTrack.m */; };
		390E99471482C508002E14E7 /* OALAudioTrackNotifications.m in Sources */ = {isa = PBXBuildFile; fileRef = 3914D8CF147D58F00010C4A2 /* OALAudioTrackNotifications.m */; };
		390E99481482C508002E14E7 /* OALAudioTracks.m in Sources */ = {isa = PBXBuildFile; fileRef = 3914D8D1147D58F00010C4A2 /* OALAudioTracks.m */; };
		390E99491482C508002E14E7 /* ALBuffer.m in Sources */ = {isa = PBXBuildFile; fileRef = 3914D8D9147D58F00010C4A2 /* ALBuffer.m */; };
		390E994A1482C508002E14E7 /* ALCaptureDevice.m in Sources */ = {isa = PBXBuildFile; fileRef = 3914D8DB147D58F00010C4A2 /* ALCaptureDevice.m */; };
		390E994B1482C508002E14E7 /* ALChannelSource.m in Sources */ = {isa = PBXBuildFile; fileRef = 3914D8DD147D58F00010C4A2 /* ALChannelSource.m */; };
		390E994C1482C508002E14E7 /* ALContext.m in Sources */ = {isa = PBXBuildFile; fileRef = 3914D8DF147D58F00010C4A2 /* ALContext.m */; };
		390E994D1482C508002E14E7 /* ALDevice.m in Sources */ = {isa = PBXBuildFile; fileRef = 3914D8E1147D58F00010C4A2 /* ALDevice.m */; };
		390E994E1482C508002E14E7 /* ALListener.m in Sources */ = {isa = PBXBuildFile; fileRef = 3914D8E3147D58F00010C4A2 /* ALListener.m */; };
		390E994F1482C508002E14E7 /* ALSoundSourcePool.m in Sources */ = {isa = PBXBuildFile; fileRef = 3914D8E6147D58F00010C4A2 /* ALSoundSourcePool.m */; };
		390E99501482C508002E14E7 /* ALSource.m in Sources */ = {isa = PBXBuildFile; fileRef = 3914D8E8147D58F00010C4A2 /* ALSource.m */; };
		390E99511482C508002E14E7 /* ALWrapper.m in Sources */ = {isa = PBXBuildFile; fileRef = 3914D8EB147D58F00010C4A2 /* ALWrapper.m */; };
		390E99521482C508002E14E7 /* OpenALManager.m in Sources */ = {isa = PBXBuildFile; fileRef = 3914D8ED147D58F00010C4A2 /* OpenALManager.m */; };
		390E99531482C508002E14E7 /* OALAudioSession.m in Sources */ = {isa = PBXBuildFile; fileRef = 3914D8F0147D58F00010C4A2 /* OALAudioSession.m */; };
		390E99541482C508002E14E7 /* OALSuspendHandler.m in Sources */ = {isa = PBXBuildFile; fileRef = 3914D8F2147D58F00010C4A2 /* OALSuspendHandler.m */; };
		390E99551482C508002E14E7 /* IOSVersion.m in Sources */ = {isa = PBXBuildFile; fileRef = 3914D8F5147D58F00010C4A2 /* IOSVersion.m */; };
		390E99561482C508002E14E7 /* mach_timing.c in Sources */ = {isa = PBXBuildFile; fileRef = 3914D8F6147D58F00010C4A2 /* mach_timing.c */; };
		390E99571482C508002E14E7 /* NSMutableArray+WeakReferences.m in Sources */ = {isa = PBXBuildFile; fileRef = 3914D8F9147D58F00010C4A2 /* NSMutableArray+WeakReferences.m */; };
		390E99581482C508002E14E7 /* OALAudioFile.m in Sources */ = {isa = PBXBuildFile; fileRef = 3914D8FB147D58F00010C4A2 /* OALAudioFile.m */; };
		390E99591482C508002E14E7 /* OALTools.m in Sources */ = {isa = PBXBuildFile; fileRef = 3914D8FE147D58F00010C4A2 /* OALTools.m */; };
		390E995A1482C508002E14E7 /* OALSimpleAudio.m in Sources */ = {isa = PBXBuildFile; fileRef = 3914D8D4147D58F00010C4A2 /* OALSimpleAudio.m */; };
		390E995B1482C52D002E14E7 /* libObjectAL.a in Frameworks */ = {isa = PBXBuildFile; fileRef = 390E99361482C4BE002E14E7 /* libObjectAL.a */; };
		3914D996147D5B570010C4A2 /* AudioSessionDemo.m in Sources */ = {isa = PBXBuildFile; fileRef = 3914D967147D5B570010C4A2 /* AudioSessionDemo.m */; };
		3914D998147D5B570010C4A2 /* AudioTrackDemo.m in Sources */ = {isa = PBXBuildFile; fileRef = 3914D969147D5B570010C4A2 /* AudioTrackDemo.m */; };
		3914D99A147D5B570010C4A2 /* ChannelsDemo.m in Sources */ = {isa = PBXBuildFile; fileRef = 3914D96B147D5B570010C4A2 /* ChannelsDemo.m */; };
		3914D99C147D5B570010C4A2 /* CrossFadeDemo.m in Sources */ = {isa = PBXBuildFile; fileRef = 3914D96D147D5B570010C4A2 /* CrossFadeDemo.m */; };
		3914D99E147D5B570010C4A2 /* FadeDemo.m in Sources */ = {isa = PBXBuildFile; fileRef = 3914D96F147D5B570010C4A2 /* FadeDemo.m */; };
		3914D9A0147D5B570010C4A2 /* HardwareDemo.m in Sources */ = {isa = PBXBuildFile; fileRef = 3914D971147D5B570010C4A2 /* HardwareDemo.m */; };
		3914D9A2147D5B570010C4A2 /* PlanetKillerDemo.m in Sources */ = {isa = PBXBuildFile; fileRef = 3914D973147D5B570010C4A2 /* PlanetKillerDemo.m */; };
		3914D9A4147D5B570010C4A2 /* SingleSourceDemo.m in Sources */ = {isa = PBXBuildFile; fileRef = 3914D975147D5B570010C4A2 /* SingleSourceDemo.m */; };
		3914D9A6147D5B570010C4A2 /* TwoSourceDemo.m in Sources */ = {isa = PBXBuildFile; fileRef = 3914D977147D5B570010C4A2 /* TwoSourceDemo.m */; };
		3914D9A8147D5B570010C4A2 /* VolumePitchPanDemo.m in Sources */ = {isa = PBXBuildFile; fileRef = 3914D979147D5B570010C4A2 /* VolumePitchPanDemo.m */; };
		3914D9AA147D5B570010C4A2 /* Button.m in Sources */ = {isa = PBXBuildFile; fileRef = 3914D97C147D5B570010C4A2 /* Button.m */; };
		3914D9AC147D5B570010C4A2 /* CallFuncWithObject.m in Sources */ = {isa = PBXBuildFile; fileRef = 3914D97E147D5B570010C4A2 /* CallFuncWithObject.m */; };
		3914D9AE147D5B570010C4A2 /* CCLayer+AudioPanel.m in Sources */ = {isa = PBXBuildFile; fileRef = 3914D980147D5B570010C4A2 /* CCLayer+AudioPanel.m */; };
		3914D9B0147D5B570010C4A2 /* CCLayer+Scene.m in Sources */ = {isa = PBXBuildFile; fileRef = 3914D982147D5B570010C4A2 /* CCLayer+Scene.m */; };
		3914D9B2147D5B570010C4A2 /* CCNode+ContentSize.m in Sources */ = {isa = PBXBuildFile; fileRef = 3914D984147D5B570010C4A2 /* CCNode+ContentSize.m */; };
		3914D9B4147D5B570010C4A2 /* ImageAndLabelButton.m in Sources */ = {isa = PBXBuildFile; fileRef = 3914D986147D5B570010C4A2 /* ImageAndLabelButton.m */; };
		3914D9B6147D5B570010C4A2 /* ImageButton.m in Sources */ = {isa = PBXBuildFile; fileRef = 3914D988147D5B570010C4A2 /* ImageButton.m */; };
		3914D9B8147D5B570010C4A2 /* LampButton.m in Sources */ = {isa = PBXBuildFile; fileRef = 3914D98A147D5B570010C4A2 /* LampButton.m */; };
		3914D9BA147D5B570010C4A2 /* RNG.m in Sources */ = {isa = PBXBuildFile; fileRef = 3914D98C147D5B570010C4A2 /* RNG.m */; };
		3914D9BC147D5B570010C4A2 /* Slider.m in Sources */ = {isa = PBXBuildFile; fileRef = 3914D98E147D5B570010C4A2 /* Slider.m */; };
		3914D9BE147D5B570010C4A2 /* TargetedAction.m in Sources */ = {isa = PBXBuildFile; fileRef = 3914D990147D5B570010C4A2 /* TargetedAction.m */; };
		3914D9C0147D5B570010C4A2 /* TouchableNode.m in Sources */ = {isa = PBXBuildFile; fileRef = 3914D992147D5B570010C4A2 /* TouchableNode.m */; };
		3914D9C2147D5B570010C4A2 /* VUMeter.m in Sources */ = {isa = PBXBuildFile; fileRef = 3914D994147D5B570010C4A2 /* VUMeter.m */; };
		39169B5314D381EE00082A89 /* ReverbDemo.m in Sources */ = {isa = PBXBuildFile; fileRef = 39169B5114D381ED00082A89 /* ReverbDemo.m */; };
		394AF5D616127B210083B392 /* OALAction.h in Headers */ = {isa = PBXBuildFile; fileRef = 3914D8C1147D58F00010C4A2 /* OALAction.h */; settings = {ATTRIBUTES = (Public, ); }; };
		394AF5D716127B210083B392 /* OALAction+Private.h in Headers */ = {isa = PBXBuildFile; fileRef = 39C48DF6151657D600BC57ED /* OALAction+Private.h */; settings = {ATTRIBUTES = (); }; };
		394AF5D816127B210083B392 /* OALActionManager.h in Headers */ = {isa = PBXBuildFile; fileRef = 3914D8C3147D58F00010C4A2 /* OALActionManager.h */; settings = {ATTRIBUTES = (Public, ); }; };
		394AF5D916127B210083B392 /* OALAudioActions.h in Headers */ = {isa = PBXBuildFile; fileRef = 3914D8C5147D58F00010C4A2 /* OALAudioActions.h */; settings = {ATTRIBUTES = (Public, ); }; };
		394AF5DA16127B210083B392 /* OALUtilityActions.h in Headers */ = {isa = PBXBuildFile; fileRef = 3914D8C9147D58F00010C4A2 /* OALUtilityActions.h */; settings = {ATTRIBUTES = (Public, ); }; };
		394AF5DB16127B210083B392 /* OALAudioTrack.h in Headers */ = {isa = PBXBuildFile; fileRef = 3914D8CC147D58F00010C4A2 /* OALAudioTrack.h */; settings = {ATTRIBUTES = (Public, ); }; };
		394AF5DC16127B210083B392 /* OALAudioTrackNotifications.h in Headers */ = {isa = PBXBuildFile; fileRef = 3914D8CE147D58F00010C4A2 /* OALAudioTrackNotifications.h */; settings = {ATTRIBUTES = (Public, ); }; };
		394AF5DD16127B210083B392 /* OALAudioTracks.h in Headers */ = {isa = PBXBuildFile; fileRef = 3914D8D0147D58F00010C4A2 /* OALAudioTracks.h */; settings = {ATTRIBUTES = (Public, ); }; };
		394AF5DE16127B210083B392 /* ALBuffer.h in Headers */ = {isa = PBXBuildFile; fileRef = 3914D8D8147D58F00010C4A2 /* ALBuffer.h */; settings = {ATTRIBUTES = (Public, ); }; };
		394AF5DF16127B210083B392 /* ALCaptureDevice.h in Headers */ = {isa = PBXBuildFile; fileRef = 3914D8DA147D58F00010C4A2 /* ALCaptureDevice.h */; settings = {ATTRIBUTES = (Public, ); }; };
		394AF5E016127B210083B392 /* ALChannelSource.h in Headers */ = {isa = PBXBuildFile; fileRef = 3914D8DC147D58F00010C4A2 /* ALChannelSource.h */; settings = {ATTRIBUTES = (Public, ); }; };
		394AF5E116127B210083B392 /* ALContext.h in Headers */ = {isa = PBXBuildFile; fileRef = 3914D8DE147D58F00010C4A2 /* ALContext.h */; settings = {ATTRIBUTES = (Public, ); }; };
		394AF5E216127B210083B392 /* ALDevice.h in Headers */ = {isa = PBXBuildFile; fileRef = 3914D8E0147D58F00010C4A2 /* ALDevice.h */; settings = {ATTRIBUTES = (Public, ); }; };
		394AF5E316127B210083B392 /* ALListener.h in Headers */ = {isa = PBXBuildFile; fileRef = 3914D8E2147D58F00010C4A2 /* ALListener.h */; settings = {ATTRIBUTES = (Public, ); }; };
		394AF5E416127B210083B392 /* ALSoundSource.h in Headers */ = {isa = PBXBuildFile; fileRef = 3914D8E4147D58F00010C4A2 /* ALSoundSource.h */; settings = {ATTRIBUTES = (Public, ); }; };
		394AF5E516127B210083B392 /* ALSoundSourcePool.h in Headers */ = {isa = PBXBuildFile; fileRef = 3914D8E5147D58F00010C4A2 /* ALSoundSourcePool.h */; settings = {ATTRIBUTES = (Public, ); }; };
		394AF5E616127B210083B392 /* ALSource.h in Headers */ = {isa = PBXBuildFile; fileRef = 3914D8E7147D58F00010C4A2 /* ALSource.h */; settings = {ATTRIBUTES = (Public, ); }; };
		394AF5E716127B210083B392 /* ALTypes.h in Headers */ = {isa = PBXBuildFile; fileRef = 3914D8E9147D58F00010C4A2 /* ALTypes.h */; settings = {ATTRIBUTES = (Public, ); }; };
		394AF5E816127B210083B392 /* ALWrapper.h in Headers */ = {isa = PBXBuildFile; fileRef = 3914D8EA147D58F00010C4A2 /* ALWrapper.h */; settings = {ATTRIBUTES = (Public, ); }; };
		394AF5E916127B210083B392 /* OpenALManager.h in Headers */ = {isa = PBXBuildFile; fileRef = 3914D8EC147D58F00010C4A2 /* OpenALManager.h */; settings = {ATTRIBUTES = (Public, ); }; };
		394AF5EA16127B210083B392 /* OALAudioSession.h in Headers */ = {isa = PBXBuildFile; fileRef = 3914D8EF147D58F00010C4A2 /* OALAudioSession.h */; settings = {ATTRIBUTES = (Public, ); }; };
		394AF5EB16127B210083B392 /* OALSuspendHandler.h in Headers */ = {isa = PBXBuildFile; fileRef = 3914D8F1147D58F00010C4A2 /* OALSuspendHandler.h */; settings = {ATTRIBUTES = (Public, ); }; };
		394AF5EC16127B210083B392 /* ARCSafe_MemMgmt.h in Headers */ = {isa = PBXBuildFile; fileRef = 390B671915F95EE000C6F101 /* ARCSafe_MemMgmt.h */; settings = {ATTRIBUTES = (Public, ); }; };
		394AF5ED16127B210083B392 /* IOSVersion.h in Headers */ = {isa = PBXBuildFile; fileRef = 3914D8F4147D58F00010C4A2 /* IOSVersion.h */; settings = {ATTRIBUTES = (Public, ); }; };
		394AF5EE16127B210083B392 /* mach_timing.h in Headers */ = {isa = PBXBuildFile; fileRef = 3914D8F7147D58F00010C4A2 /* mach_timing.h */; settings = {ATTRIBUTES = (Public, ); }; };
		394AF5EF16127B210083B392 /* NSMutableArray+WeakReferences.h in Headers */ = {isa = PBXBuildFile; fileRef = 3914D8F8147D58F00010C4A2 /* NSMutableArray+WeakReferences.h */; settings = {ATTRIBUTES = (Public, ); }; };
		394AF5F016127B210083B392 /* NSMutableDictionary+WeakReferences.h in Headers */ = {isa = PBXBuildFile; fileRef = 390B670E15F95B1500C6F101 /* NSMutableDictionary+WeakReferences.h */; settings = {ATTRIBUTES = (Public, ); }; };
		394AF5F116127B210083B392 /* OALAudioFile.h in Headers */ = {isa = PBXBuildFile; fileRef = 3914D8FA147D58F00010C4A2 /* OALAudioFile.h */; settings = {ATTRIBUTES = (Public, ); }; };
		394AF5F216127B210083B392 /* OALNotifications.h in Headers */ = {isa = PBXBuildFile; fileRef = 3914D8FC147D58F00010C4A2 /* OALNotifications.h */; settings = {ATTRIBUTES = (Public, ); }; };
		394AF5F316127B210083B392 /* OALTools.h in Headers */ = {isa = PBXBuildFile; fileRef = 3914D8FD147D58F00010C4A2 /* OALTools.h */; settings = {ATTRIBUTES = (Public, ); }; };
		394AF5F416127B210083B392 /* ObjectALMacros.h in Headers */ = {isa = PBXBuildFile; fileRef = 3914D8FF147D58F00010C4A2 /* ObjectALMacros.h */; settings = {ATTRIBUTES = (Public, ); }; };
		394AF5F516127B210083B392 /* SynthesizeSingleton.h in Headers */ = {isa = PBXBuildFile; fileRef = 3914D900147D58F00010C4A2 /* SynthesizeSingleton.h */; settings = {ATTRIBUTES = (Public, ); }; };
		394AF5F616127B210083B392 /* OALSimpleAudio.h in Headers */ = {isa = PBXBuildFile; fileRef = 3914D8D3147D58F00010C4A2 /* OALSimpleAudio.h */; settings = {ATTRIBUTES = (Public, ); }; };
		394AF5F716127B210083B392 /* ObjectAL.h in Headers */ = {isa = PBXBuildFile; fileRef = 3914D8D5147D58F00010C4A2 /* ObjectAL.h */; settings = {ATTRIBUTES = (Public, ); }; };
		3961E30F1649E2320008A65B /* Default-568h@2x.png in Resources */ = {isa = PBXBuildFile; fileRef = 3961E30E1649E2320008A65B /* Default-568h@2x.png */; };
		398C16C1147D555E000EFEDF /* QuartzCore.framework in Frameworks */ = {isa = PBXBuildFile; fileRef = 398C16C0147D555E000EFEDF /* QuartzCore.framework */; };
		398C16C3147D555E000EFEDF /* OpenGLES.framework in Frameworks */ = {isa = PBXBuildFile; fileRef = 398C16C2147D555E000EFEDF /* OpenGLES.framework */; };
		398C16C5147D555E000EFEDF /* OpenAL.framework in Frameworks */ = {isa = PBXBuildFile; fileRef = 398C16C4147D555E000EFEDF /* OpenAL.framework */; };
		398C16C7147D555E000EFEDF /* AudioToolbox.framework in Frameworks */ = {isa = PBXBuildFile; fileRef = 398C16C6147D555E000EFEDF /* AudioToolbox.framework */; };
		398C16C9147D555E000EFEDF /* AVFoundation.framework in Frameworks */ = {isa = PBXBuildFile; fileRef = 398C16C8147D555E000EFEDF /* AVFoundation.framework */; };
		398C16CD147D555E000EFEDF /* CoreGraphics.framework in Frameworks */ = {isa = PBXBuildFile; fileRef = 398C16CC147D555E000EFEDF /* CoreGraphics.framework */; };
		398C181F147D5560000EFEDF /* main.m in Sources */ = {isa = PBXBuildFile; fileRef = 398C181E147D5560000EFEDF /* main.m */; };
		398C1822147D5560000EFEDF /* AppDelegate.m in Sources */ = {isa = PBXBuildFile; fileRef = 398C1821147D5560000EFEDF /* AppDelegate.m */; };
		398C1828147D5560000EFEDF /* MainScene.m in Sources */ = {isa = PBXBuildFile; fileRef = 398C1827147D5560000EFEDF /* MainScene.m */; };
		39F89E9F14831C3500E40CFE /* libz.dylib in Frameworks */ = {isa = PBXBuildFile; fileRef = 39F89E9E14831C3500E40CFE /* libz.dylib */; };
		5B6D1629164C04E200A598C2 /* libcocos2d.a in Frameworks */ = {isa = PBXBuildFile; fileRef = 5B6D1628164C04E200A598C2 /* libcocos2d.a */; };
		8CC0E3D215FAFBB8001AEB04 /* ColdFunk-Intro.caf in Resources */ = {isa = PBXBuildFile; fileRef = 8CC0E3D115FAFBB8001AEB04 /* ColdFunk-Intro.caf */; };
		8CC0E3D615FAFBE9001AEB04 /* SourceNotificationsDemo.m in Sources */ = {isa = PBXBuildFile; fileRef = 8CC0E3D515FAFBE9001AEB04 /* SourceNotificationsDemo.m */; };
		8CC0E3DF15FAFCD6001AEB04 /* IntroAndMainTrackDemo.m in Sources */ = {isa = PBXBuildFile; fileRef = 8CC0E3DE15FAFCD6001AEB04 /* IntroAndMainTrackDemo.m */; };
		8CE8694115F8C4590060E004 /* Foundation.framework in Frameworks */ = {isa = PBXBuildFile; fileRef = 8CE8693F15F8C42B0060E004 /* Foundation.framework */; };
		8CE8694215F8C4590060E004 /* Foundation.framework in Frameworks */ = {isa = PBXBuildFile; fileRef = 8CE8693F15F8C42B0060E004 /* Foundation.framework */; };
		8CE8694415F8C4860060E004 /* UIKit.framework in Frameworks */ = {isa = PBXBuildFile; fileRef = 8CE8694315F8C4860060E004 /* UIKit.framework */; };
		8CE86DCD15F8D9420060E004 /* Default-Landscape~ipad.png in Resources */ = {isa = PBXBuildFile; fileRef = 8CE86DA915F8D9420060E004 /* Default-Landscape~ipad.png */; };
		8CE86DCE15F8D9420060E004 /* Default.png in Resources */ = {isa = PBXBuildFile; fileRef = 8CE86DAA15F8D9420060E004 /* Default.png */; };
		8CE86DCF15F8D9420060E004 /* fps_images-hd.png in Resources */ = {isa = PBXBuildFile; fileRef = 8CE86DAB15F8D9420060E004 /* fps_images-hd.png */; };
		8CE86DD015F8D9420060E004 /* fps_images-ipadhd.png in Resources */ = {isa = PBXBuildFile; fileRef = 8CE86DAC15F8D9420060E004 /* fps_images-ipadhd.png */; };
		8CE86DD115F8D9420060E004 /* fps_images.png in Resources */ = {isa = PBXBuildFile; fileRef = 8CE86DAD15F8D9420060E004 /* fps_images.png */; };
		8CE86DD215F8D9420060E004 /* Icon-72.png in Resources */ = {isa = PBXBuildFile; fileRef = 8CE86DAE15F8D9420060E004 /* Icon-72.png */; };
		8CE86DD315F8D9420060E004 /* Icon-Small-50.png in Resources */ = {isa = PBXBuildFile; fileRef = 8CE86DAF15F8D9420060E004 /* Icon-Small-50.png */; };
		8CE86DD415F8D9420060E004 /* Icon-Small.png in Resources */ = {isa = PBXBuildFile; fileRef = 8CE86DB015F8D9420060E004 /* Icon-Small.png */; };
		8CE86DD515F8D9420060E004 /* Icon-Small@2x.png in Resources */ = {isa = PBXBuildFile; fileRef = 8CE86DB115F8D9420060E004 /* Icon-Small@2x.png */; };
		8CE86DD615F8D9420060E004 /* Icon.png in Resources */ = {isa = PBXBuildFile; fileRef = 8CE86DB215F8D9420060E004 /* Icon.png */; };
		8CE86DD715F8D9420060E004 /* Icon@2x.png in Resources */ = {isa = PBXBuildFile; fileRef = 8CE86DB315F8D9420060E004 /* Icon@2x.png */; };
		8CE86DD815F8D9420060E004 /* iTunesArtwork in Resources */ = {isa = PBXBuildFile; fileRef = 8CE86DB415F8D9420060E004 /* iTunesArtwork */; };
		8CE86DD915F8D9420060E004 /* AssetSources.txt in Resources */ = {isa = PBXBuildFile; fileRef = 8CE86DB615F8D9420060E004 /* AssetSources.txt */; };
		8CE86DDA15F8D9420060E004 /* Back.png in Resources */ = {isa = PBXBuildFile; fileRef = 8CE86DB715F8D9420060E004 /* Back.png */; };
		8CE86DDB15F8D9420060E004 /* ColdFunk.caf in Resources */ = {isa = PBXBuildFile; fileRef = 8CE86DB815F8D9420060E004 /* ColdFunk.caf */; };
		8CE86DDC15F8D9420060E004 /* Exit.png in Resources */ = {isa = PBXBuildFile; fileRef = 8CE86DB915F8D9420060E004 /* Exit.png */; };
		8CE86DDD15F8D9420060E004 /* Ganymede.png in Resources */ = {isa = PBXBuildFile; fileRef = 8CE86DBA15F8D9420060E004 /* Ganymede.png */; };
		8CE86DDE15F8D9420060E004 /* HappyAlley.caf in Resources */ = {isa = PBXBuildFile; fileRef = 8CE86DBB15F8D9420060E004 /* HappyAlley.caf */; };
		8CE86DDF15F8D9420060E004 /* Jupiter.png in Resources */ = {isa = PBXBuildFile; fileRef = 8CE86DBC15F8D9420060E004 /* Jupiter.png */; };
		8CE86DE015F8D9420060E004 /* Next.png in Resources */ = {isa = PBXBuildFile; fileRef = 8CE86DBD15F8D9420060E004 /* Next.png */; };
		8CE86DE115F8D9420060E004 /* panel-bg.png in Resources */ = {isa = PBXBuildFile; fileRef = 8CE86DBE15F8D9420060E004 /* panel-bg.png */; };
		8CE86DE215F8D9420060E004 /* panel-lamp-off.png in Resources */ = {isa = PBXBuildFile; fileRef = 8CE86DBF15F8D9420060E004 /* panel-lamp-off.png */; };
		8CE86DE315F8D9420060E004 /* panel-lamp-on.png in Resources */ = {isa = PBXBuildFile; fileRef = 8CE86DC015F8D9420060E004 /* panel-lamp-on.png */; };
		8CE86DE415F8D9420060E004 /* panel-slider-knob.png in Resources */ = {isa = PBXBuildFile; fileRef = 8CE86DC115F8D9420060E004 /* panel-slider-knob.png */; };
		8CE86DE515F8D9420060E004 /* panel-slider-track-long.png in Resources */ = {isa = PBXBuildFile; fileRef = 8CE86DC215F8D9420060E004 /* panel-slider-track-long.png */; };
		8CE86DE615F8D9420060E004 /* panel-slider-track.png in Resources */ = {isa = PBXBuildFile; fileRef = 8CE86DC315F8D9420060E004 /* panel-slider-track.png */; };
		8CE86DE715F8D9420060E004 /* panel-trim-horiz.png in Resources */ = {isa = PBXBuildFile; fileRef = 8CE86DC415F8D9420060E004 /* panel-trim-horiz.png */; };
		8CE86DE815F8D9420060E004 /* panel-trim-vert.png in Resources */ = {isa = PBXBuildFile; fileRef = 8CE86DC515F8D9420060E004 /* panel-trim-vert.png */; };
		8CE86DE915F8D9420060E004 /* Pew.caf in Resources */ = {isa = PBXBuildFile; fileRef = 8CE86DC615F8D9420060E004 /* Pew.caf */; };
		8CE86DEA15F8D9420060E004 /* PlanetKiller.mp3 in Resources */ = {isa = PBXBuildFile; fileRef = 8CE86DC715F8D9420060E004 /* PlanetKiller.mp3 */; };
		8CE86DEB15F8D9420060E004 /* Pow.caf in Resources */ = {isa = PBXBuildFile; fileRef = 8CE86DC815F8D9420060E004 /* Pow.caf */; };
		8CE86DEC15F8D9420060E004 /* RocketShip.png in Resources */ = {isa = PBXBuildFile; fileRef = 8CE86DC915F8D9420060E004 /* RocketShip.png */; };
		8CE86DED15F8D9420060E004 /* vu-face.png in Resources */ = {isa = PBXBuildFile; fileRef = 8CE86DCA15F8D9420060E004 /* vu-face.png */; };
		8CE86DEE15F8D9420060E004 /* vu-needle.png in Resources */ = {isa = PBXBuildFile; fileRef = 8CE86DCB15F8D9420060E004 /* vu-needle.png */; };
		8CE86DEF15F8D9420060E004 /* vu-shell.png in Resources */ = {isa = PBXBuildFile; fileRef = 8CE86DCC15F8D9420060E004 /* vu-shell.png */; };
		8CE86DF215F8D9620060E004 /* IntroLayer.m in Sources */ = {isa = PBXBuildFile; fileRef = 8CE86DF115F8D9620060E004 /* IntroLayer.m */; };
/* End PBXBuildFile section */

/* Begin PBXFileReference section */
		390B670E15F95B1500C6F101 /* NSMutableDictionary+WeakReferences.h */ = {isa = PBXFileReference; fileEncoding = 4; lastKnownFileType = sourcecode.c.h; path = "NSMutableDictionary+WeakReferences.h"; sourceTree = "<group>"; };
		390B670F15F95B1500C6F101 /* NSMutableDictionary+WeakReferences.m */ = {isa = PBXFileReference; fileEncoding = 4; lastKnownFileType = sourcecode.c.objc; path = "NSMutableDictionary+WeakReferences.m"; sourceTree = "<group>"; };
		390B671915F95EE000C6F101 /* ARCSafe_MemMgmt.h */ = {isa = PBXFileReference; fileEncoding = 4; lastKnownFileType = sourcecode.c.h; path = ARCSafe_MemMgmt.h; sourceTree = "<group>"; };
		390B671B15F9739700C6F101 /* SourceNotificationsDemo.h */ = {isa = PBXFileReference; fileEncoding = 4; lastKnownFileType = sourcecode.c.h; path = SourceNotificationsDemo.h; sourceTree = "<group>"; };
		390B671C15F9739700C6F101 /* SourceNotificationsDemo.m */ = {isa = PBXFileReference; fileEncoding = 4; lastKnownFileType = sourcecode.c.objc; path = SourceNotificationsDemo.m; sourceTree = "<group>"; };
		390B686C15F9C26000C6F101 /* IntroAndMainTrackDemo.h */ = {isa = PBXFileReference; fileEncoding = 4; lastKnownFileType = sourcecode.c.h; path = IntroAndMainTrackDemo.h; sourceTree = "<group>"; };
		390B686D15F9C26000C6F101 /* IntroAndMainTrackDemo.m */ = {isa = PBXFileReference; fileEncoding = 4; lastKnownFileType = sourcecode.c.objc; path = IntroAndMainTrackDemo.m; sourceTree = "<group>"; };
		390E99361482C4BE002E14E7 /* libObjectAL.a */ = {isa = PBXFileReference; explicitFileType = archive.ar; includeInIndex = 0; path = libObjectAL.a; sourceTree = BUILT_PRODUCTS_DIR; };
		3914D8C1147D58F00010C4A2 /* OALAction.h */ = {isa = PBXFileReference; fileEncoding = 4; lastKnownFileType = sourcecode.objj.h; path = OALAction.h; sourceTree = "<group>"; };
		3914D8C2147D58F00010C4A2 /* OALAction.m */ = {isa = PBXFileReference; fileEncoding = 4; lastKnownFileType = sourcecode.c.objc; path = OALAction.m; sourceTree = "<group>"; };
		3914D8C3147D58F00010C4A2 /* OALActionManager.h */ = {isa = PBXFileReference; fileEncoding = 4; lastKnownFileType = sourcecode.objj.h; path = OALActionManager.h; sourceTree = "<group>"; };
		3914D8C4147D58F00010C4A2 /* OALActionManager.m */ = {isa = PBXFileReference; fileEncoding = 4; lastKnownFileType = sourcecode.c.objc; path = OALActionManager.m; sourceTree = "<group>"; };
		3914D8C5147D58F00010C4A2 /* OALAudioActions.h */ = {isa = PBXFileReference; fileEncoding = 4; lastKnownFileType = sourcecode.objj.h; path = OALAudioActions.h; sourceTree = "<group>"; };
		3914D8C6147D58F00010C4A2 /* OALAudioActions.m */ = {isa = PBXFileReference; fileEncoding = 4; lastKnownFileType = sourcecode.c.objc; path = OALAudioActions.m; sourceTree = "<group>"; };
		3914D8C9147D58F00010C4A2 /* OALUtilityActions.h */ = {isa = PBXFileReference; fileEncoding = 4; lastKnownFileType = sourcecode.objj.h; path = OALUtilityActions.h; sourceTree = "<group>"; };
		3914D8CA147D58F00010C4A2 /* OALUtilityActions.m */ = {isa = PBXFileReference; fileEncoding = 4; lastKnownFileType = sourcecode.c.objc; path = OALUtilityActions.m; sourceTree = "<group>"; };
		3914D8CC147D58F00010C4A2 /* OALAudioTrack.h */ = {isa = PBXFileReference; fileEncoding = 4; lastKnownFileType = sourcecode.objj.h; path = OALAudioTrack.h; sourceTree = "<group>"; };
		3914D8CD147D58F00010C4A2 /* OALAudioTrack.m */ = {isa = PBXFileReference; fileEncoding = 4; lastKnownFileType = sourcecode.c.objc; path = OALAudioTrack.m; sourceTree = "<group>"; };
		3914D8CE147D58F00010C4A2 /* OALAudioTrackNotifications.h */ = {isa = PBXFileReference; fileEncoding = 4; lastKnownFileType = sourcecode.objj.h; path = OALAudioTrackNotifications.h; sourceTree = "<group>"; };
		3914D8CF147D58F00010C4A2 /* OALAudioTrackNotifications.m */ = {isa = PBXFileReference; fileEncoding = 4; lastKnownFileType = sourcecode.c.objc; path = OALAudioTrackNotifications.m; sourceTree = "<group>"; };
		3914D8D0147D58F00010C4A2 /* OALAudioTracks.h */ = {isa = PBXFileReference; fileEncoding = 4; lastKnownFileType = sourcecode.objj.h; path = OALAudioTracks.h; sourceTree = "<group>"; };
		3914D8D1147D58F00010C4A2 /* OALAudioTracks.m */ = {isa = PBXFileReference; fileEncoding = 4; lastKnownFileType = sourcecode.c.objc; path = OALAudioTracks.m; sourceTree = "<group>"; };
		3914D8D2147D58F00010C4A2 /* LICENSE.ObjectAL.txt */ = {isa = PBXFileReference; fileEncoding = 4; lastKnownFileType = text; name = LICENSE.ObjectAL.txt; path = ObjectAL/LICENSE.ObjectAL.txt; sourceTree = "<group>"; };
		3914D8D3147D58F00010C4A2 /* OALSimpleAudio.h */ = {isa = PBXFileReference; fileEncoding = 4; lastKnownFileType = sourcecode.objj.h; name = OALSimpleAudio.h; path = ObjectAL/OALSimpleAudio.h; sourceTree = "<group>"; };
		3914D8D4147D58F00010C4A2 /* OALSimpleAudio.m */ = {isa = PBXFileReference; fileEncoding = 4; lastKnownFileType = sourcecode.c.objc; name = OALSimpleAudio.m; path = ObjectAL/OALSimpleAudio.m; sourceTree = "<group>"; };
		3914D8D5147D58F00010C4A2 /* ObjectAL.h */ = {isa = PBXFileReference; fileEncoding = 4; lastKnownFileType = sourcecode.objj.h; name = ObjectAL.h; path = ObjectAL/ObjectAL.h; sourceTree = "<group>"; };
		3914D8D6147D58F00010C4A2 /* ObjectALConfig.h */ = {isa = PBXFileReference; fileEncoding = 4; lastKnownFileType = sourcecode.objj.h; name = ObjectALConfig.h; path = ObjectAL/ObjectALConfig.h; sourceTree = "<group>"; };
		3914D8D8147D58F00010C4A2 /* ALBuffer.h */ = {isa = PBXFileReference; fileEncoding = 4; lastKnownFileType = sourcecode.objj.h; path = ALBuffer.h; sourceTree = "<group>"; };
		3914D8D9147D58F00010C4A2 /* ALBuffer.m */ = {isa = PBXFileReference; fileEncoding = 4; lastKnownFileType = sourcecode.c.objc; path = ALBuffer.m; sourceTree = "<group>"; };
		3914D8DA147D58F00010C4A2 /* ALCaptureDevice.h */ = {isa = PBXFileReference; fileEncoding = 4; lastKnownFileType = sourcecode.objj.h; path = ALCaptureDevice.h; sourceTree = "<group>"; };
		3914D8DB147D58F00010C4A2 /* ALCaptureDevice.m */ = {isa = PBXFileReference; fileEncoding = 4; lastKnownFileType = sourcecode.c.objc; path = ALCaptureDevice.m; sourceTree = "<group>"; };
		3914D8DC147D58F00010C4A2 /* ALChannelSource.h */ = {isa = PBXFileReference; fileEncoding = 4; lastKnownFileType = sourcecode.objj.h; path = ALChannelSource.h; sourceTree = "<group>"; };
		3914D8DD147D58F00010C4A2 /* ALChannelSource.m */ = {isa = PBXFileReference; fileEncoding = 4; lastKnownFileType = sourcecode.c.objc; path = ALChannelSource.m; sourceTree = "<group>"; };
		3914D8DE147D58F00010C4A2 /* ALContext.h */ = {isa = PBXFileReference; fileEncoding = 4; lastKnownFileType = sourcecode.objj.h; path = ALContext.h; sourceTree = "<group>"; };
		3914D8DF147D58F00010C4A2 /* ALContext.m */ = {isa = PBXFileReference; fileEncoding = 4; lastKnownFileType = sourcecode.c.objc; path = ALContext.m; sourceTree = "<group>"; };
		3914D8E0147D58F00010C4A2 /* ALDevice.h */ = {isa = PBXFileReference; fileEncoding = 4; lastKnownFileType = sourcecode.objj.h; path = ALDevice.h; sourceTree = "<group>"; };
		3914D8E1147D58F00010C4A2 /* ALDevice.m */ = {isa = PBXFileReference; fileEncoding = 4; lastKnownFileType = sourcecode.c.objc; path = ALDevice.m; sourceTree = "<group>"; };
		3914D8E2147D58F00010C4A2 /* ALListener.h */ = {isa = PBXFileReference; fileEncoding = 4; lastKnownFileType = sourcecode.objj.h; path = ALListener.h; sourceTree = "<group>"; };
		3914D8E3147D58F00010C4A2 /* ALListener.m */ = {isa = PBXFileReference; fileEncoding = 4; lastKnownFileType = sourcecode.c.objc; path = ALListener.m; sourceTree = "<group>"; };
		3914D8E4147D58F00010C4A2 /* ALSoundSource.h */ = {isa = PBXFileReference; fileEncoding = 4; lastKnownFileType = sourcecode.objj.h; path = ALSoundSource.h; sourceTree = "<group>"; };
		3914D8E5147D58F00010C4A2 /* ALSoundSourcePool.h */ = {isa = PBXFileReference; fileEncoding = 4; lastKnownFileType = sourcecode.objj.h; path = ALSoundSourcePool.h; sourceTree = "<group>"; };
		3914D8E6147D58F00010C4A2 /* ALSoundSourcePool.m */ = {isa = PBXFileReference; fileEncoding = 4; lastKnownFileType = sourcecode.c.objc; path = ALSoundSourcePool.m; sourceTree = "<group>"; };
		3914D8E7147D58F00010C4A2 /* ALSource.h */ = {isa = PBXFileReference; fileEncoding = 4; lastKnownFileType = sourcecode.objj.h; path = ALSource.h; sourceTree = "<group>"; };
		3914D8E8147D58F00010C4A2 /* ALSource.m */ = {isa = PBXFileReference; fileEncoding = 4; lastKnownFileType = sourcecode.c.objc; path = ALSource.m; sourceTree = "<group>"; };
		3914D8E9147D58F00010C4A2 /* ALTypes.h */ = {isa = PBXFileReference; fileEncoding = 4; lastKnownFileType = sourcecode.objj.h; path = ALTypes.h; sourceTree = "<group>"; };
		3914D8EA147D58F00010C4A2 /* ALWrapper.h */ = {isa = PBXFileReference; fileEncoding = 4; lastKnownFileType = sourcecode.objj.h; path = ALWrapper.h; sourceTree = "<group>"; };
		3914D8EB147D58F00010C4A2 /* ALWrapper.m */ = {isa = PBXFileReference; fileEncoding = 4; lastKnownFileType = sourcecode.c.objc; path = ALWrapper.m; sourceTree = "<group>"; };
		3914D8EC147D58F00010C4A2 /* OpenALManager.h */ = {isa = PBXFileReference; fileEncoding = 4; lastKnownFileType = sourcecode.objj.h; path = OpenALManager.h; sourceTree = "<group>"; };
		3914D8ED147D58F00010C4A2 /* OpenALManager.m */ = {isa = PBXFileReference; fileEncoding = 4; lastKnownFileType = sourcecode.c.objc; path = OpenALManager.m; sourceTree = "<group>"; };
		3914D8EF147D58F00010C4A2 /* OALAudioSession.h */ = {isa = PBXFileReference; fileEncoding = 4; lastKnownFileType = sourcecode.objj.h; path = OALAudioSession.h; sourceTree = "<group>"; };
		3914D8F0147D58F00010C4A2 /* OALAudioSession.m */ = {isa = PBXFileReference; fileEncoding = 4; lastKnownFileType = sourcecode.c.objc; path = OALAudioSession.m; sourceTree = "<group>"; };
		3914D8F1147D58F00010C4A2 /* OALSuspendHandler.h */ = {isa = PBXFileReference; fileEncoding = 4; lastKnownFileType = sourcecode.objj.h; path = OALSuspendHandler.h; sourceTree = "<group>"; };
		3914D8F2147D58F00010C4A2 /* OALSuspendHandler.m */ = {isa = PBXFileReference; fileEncoding = 4; lastKnownFileType = sourcecode.c.objc; path = OALSuspendHandler.m; sourceTree = "<group>"; };
		3914D8F4147D58F00010C4A2 /* IOSVersion.h */ = {isa = PBXFileReference; fileEncoding = 4; lastKnownFileType = sourcecode.objj.h; path = IOSVersion.h; sourceTree = "<group>"; };
		3914D8F5147D58F00010C4A2 /* IOSVersion.m */ = {isa = PBXFileReference; fileEncoding = 4; lastKnownFileType = sourcecode.c.objc; path = IOSVersion.m; sourceTree = "<group>"; };
		3914D8F6147D58F00010C4A2 /* mach_timing.c */ = {isa = PBXFileReference; fileEncoding = 4; lastKnownFileType = sourcecode.c.c; path = mach_timing.c; sourceTree = "<group>"; };
		3914D8F7147D58F00010C4A2 /* mach_timing.h */ = {isa = PBXFileReference; fileEncoding = 4; lastKnownFileType = sourcecode.objj.h; path = mach_timing.h; sourceTree = "<group>"; };
		3914D8F8147D58F00010C4A2 /* NSMutableArray+WeakReferences.h */ = {isa = PBXFileReference; fileEncoding = 4; lastKnownFileType = sourcecode.objj.h; path = "NSMutableArray+WeakReferences.h"; sourceTree = "<group>"; };
		3914D8F9147D58F00010C4A2 /* NSMutableArray+WeakReferences.m */ = {isa = PBXFileReference; fileEncoding = 4; lastKnownFileType = sourcecode.c.objc; path = "NSMutableArray+WeakReferences.m"; sourceTree = "<group>"; };
		3914D8FA147D58F00010C4A2 /* OALAudioFile.h */ = {isa = PBXFileReference; fileEncoding = 4; lastKnownFileType = sourcecode.objj.h; path = OALAudioFile.h; sourceTree = "<group>"; };
		3914D8FB147D58F00010C4A2 /* OALAudioFile.m */ = {isa = PBXFileReference; fileEncoding = 4; lastKnownFileType = sourcecode.c.objc; path = OALAudioFile.m; sourceTree = "<group>"; };
		3914D8FC147D58F00010C4A2 /* OALNotifications.h */ = {isa = PBXFileReference; fileEncoding = 4; lastKnownFileType = sourcecode.objj.h; path = OALNotifications.h; sourceTree = "<group>"; };
		3914D8FD147D58F00010C4A2 /* OALTools.h */ = {isa = PBXFileReference; fileEncoding = 4; lastKnownFileType = sourcecode.objj.h; path = OALTools.h; sourceTree = "<group>"; };
		3914D8FE147D58F00010C4A2 /* OALTools.m */ = {isa = PBXFileReference; fileEncoding = 4; lastKnownFileType = sourcecode.c.objc; path = OALTools.m; sourceTree = "<group>"; };
		3914D8FF147D58F00010C4A2 /* ObjectALMacros.h */ = {isa = PBXFileReference; fileEncoding = 4; lastKnownFileType = sourcecode.objj.h; path = ObjectALMacros.h; sourceTree = "<group>"; };
		3914D900147D58F00010C4A2 /* SynthesizeSingleton.h */ = {isa = PBXFileReference; fileEncoding = 4; lastKnownFileType = sourcecode.objj.h; path = SynthesizeSingleton.h; sourceTree = "<group>"; };
		3914D961147D5AA70010C4A2 /* OALSimpleAudioSample.h */ = {isa = PBXFileReference; lastKnownFileType = sourcecode.objj.h; name = OALSimpleAudioSample.h; path = "Sample Code/OALSimpleAudioSample.h"; sourceTree = "<group>"; };
		3914D962147D5AA70010C4A2 /* OALSimpleAudioSample.m */ = {isa = PBXFileReference; lastKnownFileType = sourcecode.c.objc; name = OALSimpleAudioSample.m; path = "Sample Code/OALSimpleAudioSample.m"; sourceTree = "<group>"; };
		3914D963147D5AA70010C4A2 /* OpenALAudioTrackSample.h */ = {isa = PBXFileReference; lastKnownFileType = sourcecode.objj.h; name = OpenALAudioTrackSample.h; path = "Sample Code/OpenALAudioTrackSample.h"; sourceTree = "<group>"; };
		3914D964147D5AA70010C4A2 /* OpenALAudioTrackSample.m */ = {isa = PBXFileReference; lastKnownFileType = sourcecode.c.objc; name = OpenALAudioTrackSample.m; path = "Sample Code/OpenALAudioTrackSample.m"; sourceTree = "<group>"; };
		3914D966147D5B570010C4A2 /* AudioSessionDemo.h */ = {isa = PBXFileReference; fileEncoding = 4; lastKnownFileType = sourcecode.objj.h; path = AudioSessionDemo.h; sourceTree = "<group>"; };
		3914D967147D5B570010C4A2 /* AudioSessionDemo.m */ = {isa = PBXFileReference; fileEncoding = 4; lastKnownFileType = sourcecode.c.objc; path = AudioSessionDemo.m; sourceTree = "<group>"; };
		3914D968147D5B570010C4A2 /* AudioTrackDemo.h */ = {isa = PBXFileReference; fileEncoding = 4; lastKnownFileType = sourcecode.objj.h; path = AudioTrackDemo.h; sourceTree = "<group>"; };
		3914D969147D5B570010C4A2 /* AudioTrackDemo.m */ = {isa = PBXFileReference; fileEncoding = 4; lastKnownFileType = sourcecode.c.objc; path = AudioTrackDemo.m; sourceTree = "<group>"; };
		3914D96A147D5B570010C4A2 /* ChannelsDemo.h */ = {isa = PBXFileReference; fileEncoding = 4; lastKnownFileType = sourcecode.objj.h; path = ChannelsDemo.h; sourceTree = "<group>"; };
		3914D96B147D5B570010C4A2 /* ChannelsDemo.m */ = {isa = PBXFileReference; fileEncoding = 4; lastKnownFileType = sourcecode.c.objc; path = ChannelsDemo.m; sourceTree = "<group>"; };
		3914D96C147D5B570010C4A2 /* CrossFadeDemo.h */ = {isa = PBXFileReference; fileEncoding = 4; lastKnownFileType = sourcecode.objj.h; path = CrossFadeDemo.h; sourceTree = "<group>"; };
		3914D96D147D5B570010C4A2 /* CrossFadeDemo.m */ = {isa = PBXFileReference; fileEncoding = 4; lastKnownFileType = sourcecode.c.objc; path = CrossFadeDemo.m; sourceTree = "<group>"; };
		3914D96E147D5B570010C4A2 /* FadeDemo.h */ = {isa = PBXFileReference; fileEncoding = 4; lastKnownFileType = sourcecode.objj.h; path = FadeDemo.h; sourceTree = "<group>"; };
		3914D96F147D5B570010C4A2 /* FadeDemo.m */ = {isa = PBXFileReference; fileEncoding = 4; lastKnownFileType = sourcecode.c.objc; path = FadeDemo.m; sourceTree = "<group>"; };
		3914D970147D5B570010C4A2 /* HardwareDemo.h */ = {isa = PBXFileReference; fileEncoding = 4; lastKnownFileType = sourcecode.objj.h; path = HardwareDemo.h; sourceTree = "<group>"; };
		3914D971147D5B570010C4A2 /* HardwareDemo.m */ = {isa = PBXFileReference; fileEncoding = 4; lastKnownFileType = sourcecode.c.objc; path = HardwareDemo.m; sourceTree = "<group>"; };
		3914D972147D5B570010C4A2 /* PlanetKillerDemo.h */ = {isa = PBXFileReference; fileEncoding = 4; lastKnownFileType = sourcecode.objj.h; path = PlanetKillerDemo.h; sourceTree = "<group>"; };
		3914D973147D5B570010C4A2 /* PlanetKillerDemo.m */ = {isa = PBXFileReference; fileEncoding = 4; lastKnownFileType = sourcecode.c.objc; path = PlanetKillerDemo.m; sourceTree = "<group>"; };
		3914D974147D5B570010C4A2 /* SingleSourceDemo.h */ = {isa = PBXFileReference; fileEncoding = 4; lastKnownFileType = sourcecode.objj.h; path = SingleSourceDemo.h; sourceTree = "<group>"; };
		3914D975147D5B570010C4A2 /* SingleSourceDemo.m */ = {isa = PBXFileReference; fileEncoding = 4; lastKnownFileType = sourcecode.c.objc; path = SingleSourceDemo.m; sourceTree = "<group>"; };
		3914D976147D5B570010C4A2 /* TwoSourceDemo.h */ = {isa = PBXFileReference; fileEncoding = 4; lastKnownFileType = sourcecode.objj.h; path = TwoSourceDemo.h; sourceTree = "<group>"; };
		3914D977147D5B570010C4A2 /* TwoSourceDemo.m */ = {isa = PBXFileReference; fileEncoding = 4; lastKnownFileType = sourcecode.c.objc; path = TwoSourceDemo.m; sourceTree = "<group>"; };
		3914D978147D5B570010C4A2 /* VolumePitchPanDemo.h */ = {isa = PBXFileReference; fileEncoding = 4; lastKnownFileType = sourcecode.objj.h; path = VolumePitchPanDemo.h; sourceTree = "<group>"; };
		3914D979147D5B570010C4A2 /* VolumePitchPanDemo.m */ = {isa = PBXFileReference; fileEncoding = 4; lastKnownFileType = sourcecode.c.objc; path = VolumePitchPanDemo.m; sourceTree = "<group>"; };
		3914D97B147D5B570010C4A2 /* Button.h */ = {isa = PBXFileReference; fileEncoding = 4; lastKnownFileType = sourcecode.objj.h; path = Button.h; sourceTree = "<group>"; };
		3914D97C147D5B570010C4A2 /* Button.m */ = {isa = PBXFileReference; fileEncoding = 4; lastKnownFileType = sourcecode.c.objc; path = Button.m; sourceTree = "<group>"; };
		3914D97D147D5B570010C4A2 /* CallFuncWithObject.h */ = {isa = PBXFileReference; fileEncoding = 4; lastKnownFileType = sourcecode.objj.h; path = CallFuncWithObject.h; sourceTree = "<group>"; };
		3914D97E147D5B570010C4A2 /* CallFuncWithObject.m */ = {isa = PBXFileReference; fileEncoding = 4; lastKnownFileType = sourcecode.c.objc; path = CallFuncWithObject.m; sourceTree = "<group>"; };
		3914D97F147D5B570010C4A2 /* CCLayer+AudioPanel.h */ = {isa = PBXFileReference; fileEncoding = 4; lastKnownFileType = sourcecode.objj.h; path = "CCLayer+AudioPanel.h"; sourceTree = "<group>"; };
		3914D980147D5B570010C4A2 /* CCLayer+AudioPanel.m */ = {isa = PBXFileReference; fileEncoding = 4; lastKnownFileType = sourcecode.c.objc; path = "CCLayer+AudioPanel.m"; sourceTree = "<group>"; };
		3914D981147D5B570010C4A2 /* CCLayer+Scene.h */ = {isa = PBXFileReference; fileEncoding = 4; lastKnownFileType = sourcecode.objj.h; path = "CCLayer+Scene.h"; sourceTree = "<group>"; };
		3914D982147D5B570010C4A2 /* CCLayer+Scene.m */ = {isa = PBXFileReference; fileEncoding = 4; lastKnownFileType = sourcecode.c.objc; path = "CCLayer+Scene.m"; sourceTree = "<group>"; };
		3914D983147D5B570010C4A2 /* CCNode+ContentSize.h */ = {isa = PBXFileReference; fileEncoding = 4; lastKnownFileType = sourcecode.objj.h; path = "CCNode+ContentSize.h"; sourceTree = "<group>"; };
		3914D984147D5B570010C4A2 /* CCNode+ContentSize.m */ = {isa = PBXFileReference; fileEncoding = 4; lastKnownFileType = sourcecode.c.objc; path = "CCNode+ContentSize.m"; sourceTree = "<group>"; };
		3914D985147D5B570010C4A2 /* ImageAndLabelButton.h */ = {isa = PBXFileReference; fileEncoding = 4; lastKnownFileType = sourcecode.objj.h; path = ImageAndLabelButton.h; sourceTree = "<group>"; };
		3914D986147D5B570010C4A2 /* ImageAndLabelButton.m */ = {isa = PBXFileReference; fileEncoding = 4; lastKnownFileType = sourcecode.c.objc; path = ImageAndLabelButton.m; sourceTree = "<group>"; };
		3914D987147D5B570010C4A2 /* ImageButton.h */ = {isa = PBXFileReference; fileEncoding = 4; lastKnownFileType = sourcecode.objj.h; path = ImageButton.h; sourceTree = "<group>"; };
		3914D988147D5B570010C4A2 /* ImageButton.m */ = {isa = PBXFileReference; fileEncoding = 4; lastKnownFileType = sourcecode.c.objc; path = ImageButton.m; sourceTree = "<group>"; };
		3914D989147D5B570010C4A2 /* LampButton.h */ = {isa = PBXFileReference; fileEncoding = 4; lastKnownFileType = sourcecode.objj.h; path = LampButton.h; sourceTree = "<group>"; };
		3914D98A147D5B570010C4A2 /* LampButton.m */ = {isa = PBXFileReference; fileEncoding = 4; lastKnownFileType = sourcecode.c.objc; path = LampButton.m; sourceTree = "<group>"; };
		3914D98B147D5B570010C4A2 /* RNG.h */ = {isa = PBXFileReference; fileEncoding = 4; lastKnownFileType = sourcecode.objj.h; path = RNG.h; sourceTree = "<group>"; };
		3914D98C147D5B570010C4A2 /* RNG.m */ = {isa = PBXFileReference; fileEncoding = 4; lastKnownFileType = sourcecode.c.objc; path = RNG.m; sourceTree = "<group>"; };
		3914D98D147D5B570010C4A2 /* Slider.h */ = {isa = PBXFileReference; fileEncoding = 4; lastKnownFileType = sourcecode.objj.h; path = Slider.h; sourceTree = "<group>"; };
		3914D98E147D5B570010C4A2 /* Slider.m */ = {isa = PBXFileReference; fileEncoding = 4; lastKnownFileType = sourcecode.c.objc; path = Slider.m; sourceTree = "<group>"; };
		3914D98F147D5B570010C4A2 /* TargetedAction.h */ = {isa = PBXFileReference; fileEncoding = 4; lastKnownFileType = sourcecode.objj.h; path = TargetedAction.h; sourceTree = "<group>"; };
		3914D990147D5B570010C4A2 /* TargetedAction.m */ = {isa = PBXFileReference; fileEncoding = 4; lastKnownFileType = sourcecode.c.objc; path = TargetedAction.m; sourceTree = "<group>"; };
		3914D991147D5B570010C4A2 /* TouchableNode.h */ = {isa = PBXFileReference; fileEncoding = 4; lastKnownFileType = sourcecode.objj.h; path = TouchableNode.h; sourceTree = "<group>"; };
		3914D992147D5B570010C4A2 /* TouchableNode.m */ = {isa = PBXFileReference; fileEncoding = 4; lastKnownFileType = sourcecode.c.objc; path = TouchableNode.m; sourceTree = "<group>"; };
		3914D993147D5B570010C4A2 /* VUMeter.h */ = {isa = PBXFileReference; fileEncoding = 4; lastKnownFileType = sourcecode.objj.h; path = VUMeter.h; sourceTree = "<group>"; };
		3914D994147D5B570010C4A2 /* VUMeter.m */ = {isa = PBXFileReference; fileEncoding = 4; lastKnownFileType = sourcecode.c.objc; path = VUMeter.m; sourceTree = "<group>"; };
		39169B5014D381ED00082A89 /* ReverbDemo.h */ = {isa = PBXFileReference; fileEncoding = 4; lastKnownFileType = sourcecode.objj.h; path = ReverbDemo.h; sourceTree = "<group>"; };
		39169B5114D381ED00082A89 /* ReverbDemo.m */ = {isa = PBXFileReference; fileEncoding = 4; lastKnownFileType = sourcecode.c.objc; path = ReverbDemo.m; sourceTree = "<group>"; };
		3961E30E1649E2320008A65B /* Default-568h@2x.png */ = {isa = PBXFileReference; lastKnownFileType = image.png; path = "Default-568h@2x.png"; sourceTree = "<group>"; };
		398C1694147D5533000EFEDF /* ObjectAL-Info.plist */ = {isa = PBXFileReference; lastKnownFileType = text.plist.xml; path = "ObjectAL-Info.plist"; sourceTree = "<group>"; };
		398C1696147D5533000EFEDF /* en */ = {isa = PBXFileReference; lastKnownFileType = text.plist.strings; name = en; path = en.lproj/InfoPlist.strings; sourceTree = "<group>"; };
		398C1698147D5533000EFEDF /* ObjectAL-Prefix.pch */ = {isa = PBXFileReference; lastKnownFileType = sourcecode.c.h; path = "ObjectAL-Prefix.pch"; sourceTree = "<group>"; };
		398C16A0147D5533000EFEDF /* SenTestingKit.framework */ = {isa = PBXFileReference; lastKnownFileType = wrapper.framework; name = SenTestingKit.framework; path = Library/Frameworks/SenTestingKit.framework; sourceTree = DEVELOPER_DIR; };
		398C16AB147D5533000EFEDF /* ObjectALTests-Info.plist */ = {isa = PBXFileReference; lastKnownFileType = text.plist.xml; path = "ObjectALTests-Info.plist"; sourceTree = "<group>"; };
		398C16AD147D5533000EFEDF /* en */ = {isa = PBXFileReference; lastKnownFileType = text.plist.strings; name = en; path = en.lproj/InfoPlist.strings; sourceTree = "<group>"; };
		398C16AF147D5533000EFEDF /* ObjectALTests.h */ = {isa = PBXFileReference; lastKnownFileType = sourcecode.objj.h; path = ObjectALTests.h; sourceTree = "<group>"; };
		398C16B0147D5533000EFEDF /* ObjectALTests.m */ = {isa = PBXFileReference; lastKnownFileType = sourcecode.c.objc; path = ObjectALTests.m; sourceTree = "<group>"; };
		398C16BE147D555E000EFEDF /* ObjectALDemo.app */ = {isa = PBXFileReference; explicitFileType = wrapper.application; includeInIndex = 0; path = ObjectALDemo.app; sourceTree = BUILT_PRODUCTS_DIR; };
		398C16C0147D555E000EFEDF /* QuartzCore.framework */ = {isa = PBXFileReference; lastKnownFileType = wrapper.framework; name = QuartzCore.framework; path = System/Library/Frameworks/QuartzCore.framework; sourceTree = SDKROOT; };
		398C16C2147D555E000EFEDF /* OpenGLES.framework */ = {isa = PBXFileReference; lastKnownFileType = wrapper.framework; name = OpenGLES.framework; path = System/Library/Frameworks/OpenGLES.framework; sourceTree = SDKROOT; };
		398C16C4147D555E000EFEDF /* OpenAL.framework */ = {isa = PBXFileReference; lastKnownFileType = wrapper.framework; name = OpenAL.framework; path = System/Library/Frameworks/OpenAL.framework; sourceTree = SDKROOT; };
		398C16C6147D555E000EFEDF /* AudioToolbox.framework */ = {isa = PBXFileReference; lastKnownFileType = wrapper.framework; name = AudioToolbox.framework; path = System/Library/Frameworks/AudioToolbox.framework; sourceTree = SDKROOT; };
		398C16C8147D555E000EFEDF /* AVFoundation.framework */ = {isa = PBXFileReference; lastKnownFileType = wrapper.framework; name = AVFoundation.framework; path = System/Library/Frameworks/AVFoundation.framework; sourceTree = SDKROOT; };
		398C16CC147D555E000EFEDF /* CoreGraphics.framework */ = {isa = PBXFileReference; lastKnownFileType = wrapper.framework; name = CoreGraphics.framework; path = System/Library/Frameworks/CoreGraphics.framework; sourceTree = SDKROOT; };
		398C16E0147D555E000EFEDF /* Info.plist */ = {isa = PBXFileReference; lastKnownFileType = text.plist.xml; name = Info.plist; path = Resources/Info.plist; sourceTree = "<group>"; };
		398C181D147D5560000EFEDF /* Prefix.pch */ = {isa = PBXFileReference; lastKnownFileType = sourcecode.c.h; path = Prefix.pch; sourceTree = "<group>"; };
		398C181E147D5560000EFEDF /* main.m */ = {isa = PBXFileReference; lastKnownFileType = sourcecode.c.objc; path = main.m; sourceTree = "<group>"; };
		398C1820147D5560000EFEDF /* AppDelegate.h */ = {isa = PBXFileReference; lastKnownFileType = sourcecode.objj.h; path = AppDelegate.h; sourceTree = "<group>"; };
		398C1821147D5560000EFEDF /* AppDelegate.m */ = {isa = PBXFileReference; lastKnownFileType = sourcecode.c.objc; path = AppDelegate.m; sourceTree = "<group>"; };
		398C1826147D5560000EFEDF /* MainScene.h */ = {isa = PBXFileReference; lastKnownFileType = sourcecode.objj.h; path = MainScene.h; sourceTree = "<group>"; };
		398C1827147D5560000EFEDF /* MainScene.m */ = {isa = PBXFileReference; lastKnownFileType = sourcecode.c.objc; path = MainScene.m; sourceTree = "<group>"; };
		39C48DF6151657D600BC57ED /* OALAction+Private.h */ = {isa = PBXFileReference; fileEncoding = 4; lastKnownFileType = sourcecode.c.h; path = "OALAction+Private.h"; sourceTree = "<group>"; };
		39F89E9E14831C3500E40CFE /* libz.dylib */ = {isa = PBXFileReference; lastKnownFileType = "compiled.mach-o.dylib"; name = libz.dylib; path = usr/lib/libz.dylib; sourceTree = SDKROOT; };
		5B6D1628164C04E200A598C2 /* libcocos2d.a */ = {isa = PBXFileReference; lastKnownFileType = archive.ar; name = libcocos2d.a; path = "/Users/tokosvereb/Documents/iPhone/Projects/GameDev/Nafplio/cocos2d-iphone/../build/Release-iphoneos/libcocos2d.a"; sourceTree = "<absolute>"; };
		8CC0E3D115FAFBB8001AEB04 /* ColdFunk-Intro.caf */ = {isa = PBXFileReference; lastKnownFileType = file; path = "ColdFunk-Intro.caf"; sourceTree = "<group>"; };
		8CC0E3D415FAFBE9001AEB04 /* SourceNotificationsDemo.h */ = {isa = PBXFileReference; fileEncoding = 4; lastKnownFileType = sourcecode.c.h; path = SourceNotificationsDemo.h; sourceTree = "<group>"; };
		8CC0E3D515FAFBE9001AEB04 /* SourceNotificationsDemo.m */ = {isa = PBXFileReference; fileEncoding = 4; lastKnownFileType = sourcecode.c.objc; path = SourceNotificationsDemo.m; sourceTree = "<group>"; };
		8CC0E3DD15FAFCD6001AEB04 /* IntroAndMainTrackDemo.h */ = {isa = PBXFileReference; fileEncoding = 4; lastKnownFileType = sourcecode.c.h; path = IntroAndMainTrackDemo.h; sourceTree = "<group>"; };
		8CC0E3DE15FAFCD6001AEB04 /* IntroAndMainTrackDemo.m */ = {isa = PBXFileReference; fileEncoding = 4; lastKnownFileType = sourcecode.c.objc; path = IntroAndMainTrackDemo.m; sourceTree = "<group>"; };
		8CE8693F15F8C42B0060E004 /* Foundation.framework */ = {isa = PBXFileReference; lastKnownFileType = wrapper.framework; name = Foundation.framework; path = System/Library/Frameworks/Foundation.framework; sourceTree = SDKROOT; };
		8CE8694315F8C4860060E004 /* UIKit.framework */ = {isa = PBXFileReference; lastKnownFileType = wrapper.framework; name = UIKit.framework; path = System/Library/Frameworks/UIKit.framework; sourceTree = SDKROOT; };
		8CE86DA915F8D9420060E004 /* Default-Landscape~ipad.png */ = {isa = PBXFileReference; lastKnownFileType = image.png; name = "Default-Landscape~ipad.png"; path = "Resources/Default-Landscape~ipad.png"; sourceTree = "<group>"; };
		8CE86DAA15F8D9420060E004 /* Default.png */ = {isa = PBXFileReference; lastKnownFileType = image.png; name = Default.png; path = Resources/Default.png; sourceTree = "<group>"; };
		8CE86DAB15F8D9420060E004 /* fps_images-hd.png */ = {isa = PBXFileReference; lastKnownFileType = image.png; name = "fps_images-hd.png"; path = "Resources/fps_images-hd.png"; sourceTree = "<group>"; };
		8CE86DAC15F8D9420060E004 /* fps_images-ipadhd.png */ = {isa = PBXFileReference; lastKnownFileType = image.png; name = "fps_images-ipadhd.png"; path = "Resources/fps_images-ipadhd.png"; sourceTree = "<group>"; };
		8CE86DAD15F8D9420060E004 /* fps_images.png */ = {isa = PBXFileReference; lastKnownFileType = image.png; name = fps_images.png; path = Resources/fps_images.png; sourceTree = "<group>"; };
		8CE86DAE15F8D9420060E004 /* Icon-72.png */ = {isa = PBXFileReference; lastKnownFileType = image.png; name = "Icon-72.png"; path = "Resources/Icon-72.png"; sourceTree = "<group>"; };
		8CE86DAF15F8D9420060E004 /* Icon-Small-50.png */ = {isa = PBXFileReference; lastKnownFileType = image.png; name = "Icon-Small-50.png"; path = "Resources/Icon-Small-50.png"; sourceTree = "<group>"; };
		8CE86DB015F8D9420060E004 /* Icon-Small.png */ = {isa = PBXFileReference; lastKnownFileType = image.png; name = "Icon-Small.png"; path = "Resources/Icon-Small.png"; sourceTree = "<group>"; };
		8CE86DB115F8D9420060E004 /* Icon-Small@2x.png */ = {isa = PBXFileReference; lastKnownFileType = image.png; name = "Icon-Small@2x.png"; path = "Resources/Icon-Small@2x.png"; sourceTree = "<group>"; };
		8CE86DB215F8D9420060E004 /* Icon.png */ = {isa = PBXFileReference; lastKnownFileType = image.png; name = Icon.png; path = Resources/Icon.png; sourceTree = "<group>"; };
		8CE86DB315F8D9420060E004 /* Icon@2x.png */ = {isa = PBXFileReference; lastKnownFileType = image.png; name = "Icon@2x.png"; path = "Resources/Icon@2x.png"; sourceTree = "<group>"; };
		8CE86DB415F8D9420060E004 /* iTunesArtwork */ = {isa = PBXFileReference; lastKnownFileType = file; name = iTunesArtwork; path = Resources/iTunesArtwork; sourceTree = "<group>"; };
		8CE86DB615F8D9420060E004 /* AssetSources.txt */ = {isa = PBXFileReference; fileEncoding = 4; lastKnownFileType = text; path = AssetSources.txt; sourceTree = "<group>"; };
		8CE86DB715F8D9420060E004 /* Back.png */ = {isa = PBXFileReference; lastKnownFileType = image.png; path = Back.png; sourceTree = "<group>"; };
		8CE86DB815F8D9420060E004 /* ColdFunk.caf */ = {isa = PBXFileReference; lastKnownFileType = file; path = ColdFunk.caf; sourceTree = "<group>"; };
		8CE86DB915F8D9420060E004 /* Exit.png */ = {isa = PBXFileReference; lastKnownFileType = image.png; path = Exit.png; sourceTree = "<group>"; };
		8CE86DBA15F8D9420060E004 /* Ganymede.png */ = {isa = PBXFileReference; lastKnownFileType = image.png; path = Ganymede.png; sourceTree = "<group>"; };
		8CE86DBB15F8D9420060E004 /* HappyAlley.caf */ = {isa = PBXFileReference; lastKnownFileType = file; path = HappyAlley.caf; sourceTree = "<group>"; };
		8CE86DBC15F8D9420060E004 /* Jupiter.png */ = {isa = PBXFileReference; lastKnownFileType = image.png; path = Jupiter.png; sourceTree = "<group>"; };
		8CE86DBD15F8D9420060E004 /* Next.png */ = {isa = PBXFileReference; lastKnownFileType = image.png; path = Next.png; sourceTree = "<group>"; };
		8CE86DBE15F8D9420060E004 /* panel-bg.png */ = {isa = PBXFileReference; lastKnownFileType = image.png; path = "panel-bg.png"; sourceTree = "<group>"; };
		8CE86DBF15F8D9420060E004 /* panel-lamp-off.png */ = {isa = PBXFileReference; lastKnownFileType = image.png; path = "panel-lamp-off.png"; sourceTree = "<group>"; };
		8CE86DC015F8D9420060E004 /* panel-lamp-on.png */ = {isa = PBXFileReference; lastKnownFileType = image.png; path = "panel-lamp-on.png"; sourceTree = "<group>"; };
		8CE86DC115F8D9420060E004 /* panel-slider-knob.png */ = {isa = PBXFileReference; lastKnownFileType = image.png; path = "panel-slider-knob.png"; sourceTree = "<group>"; };
		8CE86DC215F8D9420060E004 /* panel-slider-track-long.png */ = {isa = PBXFileReference; lastKnownFileType = image.png; path = "panel-slider-track-long.png"; sourceTree = "<group>"; };
		8CE86DC315F8D9420060E004 /* panel-slider-track.png */ = {isa = PBXFileReference; lastKnownFileType = image.png; path = "panel-slider-track.png"; sourceTree = "<group>"; };
		8CE86DC415F8D9420060E004 /* panel-trim-horiz.png */ = {isa = PBXFileReference; lastKnownFileType = image.png; path = "panel-trim-horiz.png"; sourceTree = "<group>"; };
		8CE86DC515F8D9420060E004 /* panel-trim-vert.png */ = {isa = PBXFileReference; lastKnownFileType = image.png; path = "panel-trim-vert.png"; sourceTree = "<group>"; };
		8CE86DC615F8D9420060E004 /* Pew.caf */ = {isa = PBXFileReference; lastKnownFileType = file; path = Pew.caf; sourceTree = "<group>"; };
		8CE86DC715F8D9420060E004 /* PlanetKiller.mp3 */ = {isa = PBXFileReference; lastKnownFileType = audio.mp3; path = PlanetKiller.mp3; sourceTree = "<group>"; };
		8CE86DC815F8D9420060E004 /* Pow.caf */ = {isa = PBXFileReference; lastKnownFileType = file; path = Pow.caf; sourceTree = "<group>"; };
		8CE86DC915F8D9420060E004 /* RocketShip.png */ = {isa = PBXFileReference; lastKnownFileType = image.png; path = RocketShip.png; sourceTree = "<group>"; };
		8CE86DCA15F8D9420060E004 /* vu-face.png */ = {isa = PBXFileReference; lastKnownFileType = image.png; path = "vu-face.png"; sourceTree = "<group>"; };
		8CE86DCB15F8D9420060E004 /* vu-needle.png */ = {isa = PBXFileReference; lastKnownFileType = image.png; path = "vu-needle.png"; sourceTree = "<group>"; };
		8CE86DCC15F8D9420060E004 /* vu-shell.png */ = {isa = PBXFileReference; lastKnownFileType = image.png; path = "vu-shell.png"; sourceTree = "<group>"; };
		8CE86DF015F8D9620060E004 /* IntroLayer.h */ = {isa = PBXFileReference; fileEncoding = 4; lastKnownFileType = sourcecode.c.h; path = IntroLayer.h; sourceTree = "<group>"; };
		8CE86DF115F8D9620060E004 /* IntroLayer.m */ = {isa = PBXFileReference; fileEncoding = 4; lastKnownFileType = sourcecode.c.objc; path = IntroLayer.m; sourceTree = "<group>"; };
/* End PBXFileReference section */

/* Begin PBXFrameworksBuildPhase section */
		390E99331482C4BE002E14E7 /* Frameworks */ = {
			isa = PBXFrameworksBuildPhase;
			buildActionMask = 2147483647;
			files = (
				8CE8694215F8C4590060E004 /* Foundation.framework in Frameworks */,
			);
			runOnlyForDeploymentPostprocessing = 0;
		};
		398C16BB147D555E000EFEDF /* Frameworks */ = {
			isa = PBXFrameworksBuildPhase;
			buildActionMask = 2147483647;
			files = (
				39F89E9F14831C3500E40CFE /* libz.dylib in Frameworks */,
				5B6D1629164C04E200A598C2 /* libcocos2d.a in Frameworks */,
				390E995B1482C52D002E14E7 /* libObjectAL.a in Frameworks */,
				398C16C1147D555E000EFEDF /* QuartzCore.framework in Frameworks */,
				398C16C3147D555E000EFEDF /* OpenGLES.framework in Frameworks */,
				398C16C5147D555E000EFEDF /* OpenAL.framework in Frameworks */,
				398C16C7147D555E000EFEDF /* AudioToolbox.framework in Frameworks */,
				398C16C9147D555E000EFEDF /* AVFoundation.framework in Frameworks */,
				8CE8694415F8C4860060E004 /* UIKit.framework in Frameworks */,
				398C16CD147D555E000EFEDF /* CoreGraphics.framework in Frameworks */,
				8CE8694115F8C4590060E004 /* Foundation.framework in Frameworks */,
			);
			runOnlyForDeploymentPostprocessing = 0;
		};
/* End PBXFrameworksBuildPhase section */

/* Begin PBXGroup section */
		3914D8C0147D58F00010C4A2 /* Actions */ = {
			isa = PBXGroup;
			children = (
				3914D8C1147D58F00010C4A2 /* OALAction.h */,
				3914D8C2147D58F00010C4A2 /* OALAction.m */,
				39C48DF6151657D600BC57ED /* OALAction+Private.h */,
				3914D8C3147D58F00010C4A2 /* OALActionManager.h */,
				3914D8C4147D58F00010C4A2 /* OALActionManager.m */,
				3914D8C5147D58F00010C4A2 /* OALAudioActions.h */,
				3914D8C6147D58F00010C4A2 /* OALAudioActions.m */,
				3914D8C9147D58F00010C4A2 /* OALUtilityActions.h */,
				3914D8CA147D58F00010C4A2 /* OALUtilityActions.m */,
			);
			name = Actions;
			path = ObjectAL/Actions;
			sourceTree = "<group>";
		};
		3914D8CB147D58F00010C4A2 /* AudioTrack */ = {
			isa = PBXGroup;
			children = (
				3914D8CC147D58F00010C4A2 /* OALAudioTrack.h */,
				3914D8CD147D58F00010C4A2 /* OALAudioTrack.m */,
				3914D8CE147D58F00010C4A2 /* OALAudioTrackNotifications.h */,
				3914D8CF147D58F00010C4A2 /* OALAudioTrackNotifications.m */,
				3914D8D0147D58F00010C4A2 /* OALAudioTracks.h */,
				3914D8D1147D58F00010C4A2 /* OALAudioTracks.m */,
			);
			name = AudioTrack;
			path = ObjectAL/AudioTrack;
			sourceTree = "<group>";
		};
		3914D8D7147D58F00010C4A2 /* OpenAL */ = {
			isa = PBXGroup;
			children = (
				3914D8D8147D58F00010C4A2 /* ALBuffer.h */,
				3914D8D9147D58F00010C4A2 /* ALBuffer.m */,
				3914D8DA147D58F00010C4A2 /* ALCaptureDevice.h */,
				3914D8DB147D58F00010C4A2 /* ALCaptureDevice.m */,
				3914D8DC147D58F00010C4A2 /* ALChannelSource.h */,
				3914D8DD147D58F00010C4A2 /* ALChannelSource.m */,
				3914D8DE147D58F00010C4A2 /* ALContext.h */,
				3914D8DF147D58F00010C4A2 /* ALContext.m */,
				3914D8E0147D58F00010C4A2 /* ALDevice.h */,
				3914D8E1147D58F00010C4A2 /* ALDevice.m */,
				3914D8E2147D58F00010C4A2 /* ALListener.h */,
				3914D8E3147D58F00010C4A2 /* ALListener.m */,
				3914D8E4147D58F00010C4A2 /* ALSoundSource.h */,
				3914D8E5147D58F00010C4A2 /* ALSoundSourcePool.h */,
				3914D8E6147D58F00010C4A2 /* ALSoundSourcePool.m */,
				3914D8E7147D58F00010C4A2 /* ALSource.h */,
				3914D8E8147D58F00010C4A2 /* ALSource.m */,
				3914D8E9147D58F00010C4A2 /* ALTypes.h */,
				3914D8EA147D58F00010C4A2 /* ALWrapper.h */,
				3914D8EB147D58F00010C4A2 /* ALWrapper.m */,
				3914D8EC147D58F00010C4A2 /* OpenALManager.h */,
				3914D8ED147D58F00010C4A2 /* OpenALManager.m */,
			);
			name = OpenAL;
			path = ObjectAL/OpenAL;
			sourceTree = "<group>";
		};
		3914D8EE147D58F00010C4A2 /* Session */ = {
			isa = PBXGroup;
			children = (
				3914D8EF147D58F00010C4A2 /* OALAudioSession.h */,
				3914D8F0147D58F00010C4A2 /* OALAudioSession.m */,
				3914D8F1147D58F00010C4A2 /* OALSuspendHandler.h */,
				3914D8F2147D58F00010C4A2 /* OALSuspendHandler.m */,
			);
			name = Session;
			path = ObjectAL/Session;
			sourceTree = "<group>";
		};
		3914D8F3147D58F00010C4A2 /* Support */ = {
			isa = PBXGroup;
			children = (
				390B671915F95EE000C6F101 /* ARCSafe_MemMgmt.h */,
				3914D8F4147D58F00010C4A2 /* IOSVersion.h */,
				3914D8F5147D58F00010C4A2 /* IOSVersion.m */,
				3914D8F7147D58F00010C4A2 /* mach_timing.h */,
				3914D8F6147D58F00010C4A2 /* mach_timing.c */,
				3914D8F8147D58F00010C4A2 /* NSMutableArray+WeakReferences.h */,
				3914D8F9147D58F00010C4A2 /* NSMutableArray+WeakReferences.m */,
				390B670E15F95B1500C6F101 /* NSMutableDictionary+WeakReferences.h */,
				390B670F15F95B1500C6F101 /* NSMutableDictionary+WeakReferences.m */,
				3914D8FA147D58F00010C4A2 /* OALAudioFile.h */,
				3914D8FB147D58F00010C4A2 /* OALAudioFile.m */,
				3914D8FC147D58F00010C4A2 /* OALNotifications.h */,
				3914D8FD147D58F00010C4A2 /* OALTools.h */,
				3914D8FE147D58F00010C4A2 /* OALTools.m */,
				3914D8FF147D58F00010C4A2 /* ObjectALMacros.h */,
				3914D900147D58F00010C4A2 /* SynthesizeSingleton.h */,
			);
			name = Support;
			path = ObjectAL/Support;
			sourceTree = "<group>";
		};
		3914D960147D5A800010C4A2 /* Sample Code */ = {
			isa = PBXGroup;
			children = (
				3914D961147D5AA70010C4A2 /* OALSimpleAudioSample.h */,
				3914D962147D5AA70010C4A2 /* OALSimpleAudioSample.m */,
				3914D963147D5AA70010C4A2 /* OpenALAudioTrackSample.h */,
				3914D964147D5AA70010C4A2 /* OpenALAudioTrackSample.m */,
			);
			name = "Sample Code";
			sourceTree = "<group>";
		};
		3914D965147D5B570010C4A2 /* Demos */ = {
			isa = PBXGroup;
			children = (
				3914D974147D5B570010C4A2 /* SingleSourceDemo.h */,
				3914D975147D5B570010C4A2 /* SingleSourceDemo.m */,
				390B671B15F9739700C6F101 /* SourceNotificationsDemo.h */,
				390B671C15F9739700C6F101 /* SourceNotificationsDemo.m */,
				3914D976147D5B570010C4A2 /* TwoSourceDemo.h */,
				3914D977147D5B570010C4A2 /* TwoSourceDemo.m */,
				3914D978147D5B570010C4A2 /* VolumePitchPanDemo.h */,
				3914D979147D5B570010C4A2 /* VolumePitchPanDemo.m */,
				3914D96C147D5B570010C4A2 /* CrossFadeDemo.h */,
				3914D96D147D5B570010C4A2 /* CrossFadeDemo.m */,
				3914D96A147D5B570010C4A2 /* ChannelsDemo.h */,
				3914D96B147D5B570010C4A2 /* ChannelsDemo.m */,
				3914D96E147D5B570010C4A2 /* FadeDemo.h */,
				3914D96F147D5B570010C4A2 /* FadeDemo.m */,
				39169B5014D381ED00082A89 /* ReverbDemo.h */,
				39169B5114D381ED00082A89 /* ReverbDemo.m */,
				3914D968147D5B570010C4A2 /* AudioTrackDemo.h */,
				3914D969147D5B570010C4A2 /* AudioTrackDemo.m */,
				3914D972147D5B570010C4A2 /* PlanetKillerDemo.h */,
				3914D973147D5B570010C4A2 /* PlanetKillerDemo.m */,
				8CC0E3DD15FAFCD6001AEB04 /* IntroAndMainTrackDemo.h */,
				8CC0E3DE15FAFCD6001AEB04 /* IntroAndMainTrackDemo.m */,
				8CC0E3D415FAFBE9001AEB04 /* SourceNotificationsDemo.h */,
				8CC0E3D515FAFBE9001AEB04 /* SourceNotificationsDemo.m */,
				3914D970147D5B570010C4A2 /* HardwareDemo.h */,
				3914D971147D5B570010C4A2 /* HardwareDemo.m */,
				3914D966147D5B570010C4A2 /* AudioSessionDemo.h */,
				3914D967147D5B570010C4A2 /* AudioSessionDemo.m */,
				390B686C15F9C26000C6F101 /* IntroAndMainTrackDemo.h */,
				390B686D15F9C26000C6F101 /* IntroAndMainTrackDemo.m */,
			);
			path = Demos;
			sourceTree = "<group>";
		};
		3914D97A147D5B570010C4A2 /* Support */ = {
			isa = PBXGroup;
			children = (
				3914D97B147D5B570010C4A2 /* Button.h */,
				3914D97C147D5B570010C4A2 /* Button.m */,
				3914D97D147D5B570010C4A2 /* CallFuncWithObject.h */,
				3914D97E147D5B570010C4A2 /* CallFuncWithObject.m */,
				3914D97F147D5B570010C4A2 /* CCLayer+AudioPanel.h */,
				3914D980147D5B570010C4A2 /* CCLayer+AudioPanel.m */,
				3914D981147D5B570010C4A2 /* CCLayer+Scene.h */,
				3914D982147D5B570010C4A2 /* CCLayer+Scene.m */,
				3914D983147D5B570010C4A2 /* CCNode+ContentSize.h */,
				3914D984147D5B570010C4A2 /* CCNode+ContentSize.m */,
				3914D985147D5B570010C4A2 /* ImageAndLabelButton.h */,
				3914D986147D5B570010C4A2 /* ImageAndLabelButton.m */,
				3914D987147D5B570010C4A2 /* ImageButton.h */,
				3914D988147D5B570010C4A2 /* ImageButton.m */,
				3914D989147D5B570010C4A2 /* LampButton.h */,
				3914D98A147D5B570010C4A2 /* LampButton.m */,
				3914D98B147D5B570010C4A2 /* RNG.h */,
				3914D98C147D5B570010C4A2 /* RNG.m */,
				3914D98D147D5B570010C4A2 /* Slider.h */,
				3914D98E147D5B570010C4A2 /* Slider.m */,
				3914D98F147D5B570010C4A2 /* TargetedAction.h */,
				3914D990147D5B570010C4A2 /* TargetedAction.m */,
				3914D991147D5B570010C4A2 /* TouchableNode.h */,
				3914D992147D5B570010C4A2 /* TouchableNode.m */,
				3914D993147D5B570010C4A2 /* VUMeter.h */,
				3914D994147D5B570010C4A2 /* VUMeter.m */,
			);
			path = Support;
			sourceTree = "<group>";
		};
		398C1682147D5533000EFEDF = {
			isa = PBXGroup;
			children = (
				5B6D1628164C04E200A598C2 /* libcocos2d.a */,
				3961E30E1649E2320008A65B /* Default-568h@2x.png */,
				3914D960147D5A800010C4A2 /* Sample Code */,
				398C1692147D5533000EFEDF /* ObjectAL */,
				398C16A9147D5533000EFEDF /* ObjectALTests */,
				398C16CE147D555E000EFEDF /* ObjectALDemo */,
				398C169F147D5533000EFEDF /* Frameworks */,
				398C1691147D5533000EFEDF /* Products */,
			);
			sourceTree = "<group>";
		};
		398C1691147D5533000EFEDF /* Products */ = {
			isa = PBXGroup;
			children = (
				398C16BE147D555E000EFEDF /* ObjectALDemo.app */,
				390E99361482C4BE002E14E7 /* libObjectAL.a */,
			);
			name = Products;
			sourceTree = "<group>";
		};
		398C1692147D5533000EFEDF /* ObjectAL */ = {
			isa = PBXGroup;
			children = (
				3914D8C0147D58F00010C4A2 /* Actions */,
				3914D8CB147D58F00010C4A2 /* AudioTrack */,
				3914D8D7147D58F00010C4A2 /* OpenAL */,
				3914D8EE147D58F00010C4A2 /* Session */,
				3914D8F3147D58F00010C4A2 /* Support */,
				398C1693147D5533000EFEDF /* Supporting Files */,
				3914D8D2147D58F00010C4A2 /* LICENSE.ObjectAL.txt */,
				3914D8D3147D58F00010C4A2 /* OALSimpleAudio.h */,
				3914D8D4147D58F00010C4A2 /* OALSimpleAudio.m */,
				3914D8D5147D58F00010C4A2 /* ObjectAL.h */,
				3914D8D6147D58F00010C4A2 /* ObjectALConfig.h */,
			);
			path = ObjectAL;
			sourceTree = "<group>";
		};
		398C1693147D5533000EFEDF /* Supporting Files */ = {
			isa = PBXGroup;
			children = (
				398C1694147D5533000EFEDF /* ObjectAL-Info.plist */,
				398C1695147D5533000EFEDF /* InfoPlist.strings */,
				398C1698147D5533000EFEDF /* ObjectAL-Prefix.pch */,
			);
			name = "Supporting Files";
			sourceTree = "<group>";
		};
		398C169F147D5533000EFEDF /* Frameworks */ = {
			isa = PBXGroup;
			children = (
				39F89E9E14831C3500E40CFE /* libz.dylib */,
				398C16A0147D5533000EFEDF /* SenTestingKit.framework */,
				8CE8694315F8C4860060E004 /* UIKit.framework */,
				8CE8693F15F8C42B0060E004 /* Foundation.framework */,
				398C16C0147D555E000EFEDF /* QuartzCore.framework */,
				398C16C2147D555E000EFEDF /* OpenGLES.framework */,
				398C16C4147D555E000EFEDF /* OpenAL.framework */,
				398C16C6147D555E000EFEDF /* AudioToolbox.framework */,
				398C16C8147D555E000EFEDF /* AVFoundation.framework */,
				398C16CC147D555E000EFEDF /* CoreGraphics.framework */,
			);
			name = Frameworks;
			sourceTree = "<group>";
		};
		398C16A9147D5533000EFEDF /* ObjectALTests */ = {
			isa = PBXGroup;
			children = (
				398C16AF147D5533000EFEDF /* ObjectALTests.h */,
				398C16B0147D5533000EFEDF /* ObjectALTests.m */,
				398C16AA147D5533000EFEDF /* Supporting Files */,
			);
			path = ObjectALTests;
			sourceTree = "<group>";
		};
		398C16AA147D5533000EFEDF /* Supporting Files */ = {
			isa = PBXGroup;
			children = (
				398C16AB147D5533000EFEDF /* ObjectALTests-Info.plist */,
				398C16AC147D5533000EFEDF /* InfoPlist.strings */,
			);
			name = "Supporting Files";
			sourceTree = "<group>";
		};
		398C16CE147D555E000EFEDF /* ObjectALDemo */ = {
			isa = PBXGroup;
			children = (
				3914D965147D5B570010C4A2 /* Demos */,
				3914D97A147D5B570010C4A2 /* Support */,
				398C1820147D5560000EFEDF /* AppDelegate.h */,
				398C1821147D5560000EFEDF /* AppDelegate.m */,
				8CE86DF015F8D9620060E004 /* IntroLayer.h */,
				8CE86DF115F8D9620060E004 /* IntroLayer.m */,
				398C1826147D5560000EFEDF /* MainScene.h */,
				398C1827147D5560000EFEDF /* MainScene.m */,
				398C16CF147D555E000EFEDF /* Resources */,
				398C181C147D5560000EFEDF /* Supporting Files */,
			);
			path = ObjectALDemo;
			sourceTree = "<group>";
		};
		398C16CF147D555E000EFEDF /* Resources */ = {
			isa = PBXGroup;
			children = (
				8CE86DB515F8D9420060E004 /* ObjectALDemo */,
				8CE86DA915F8D9420060E004 /* Default-Landscape~ipad.png */,
				8CE86DAA15F8D9420060E004 /* Default.png */,
				8CE86DAB15F8D9420060E004 /* fps_images-hd.png */,
				8CE86DAC15F8D9420060E004 /* fps_images-ipadhd.png */,
				8CE86DAD15F8D9420060E004 /* fps_images.png */,
				8CE86DAE15F8D9420060E004 /* Icon-72.png */,
				8CE86DAF15F8D9420060E004 /* Icon-Small-50.png */,
				8CE86DB015F8D9420060E004 /* Icon-Small.png */,
				8CE86DB115F8D9420060E004 /* Icon-Small@2x.png */,
				8CE86DB215F8D9420060E004 /* Icon.png */,
				8CE86DB315F8D9420060E004 /* Icon@2x.png */,
				8CE86DB415F8D9420060E004 /* iTunesArtwork */,
				398C16E0147D555E000EFEDF /* Info.plist */,
			);
			name = Resources;
			sourceTree = "<group>";
		};
		398C181C147D5560000EFEDF /* Supporting Files */ = {
			isa = PBXGroup;
			children = (
				398C181D147D5560000EFEDF /* Prefix.pch */,
				398C181E147D5560000EFEDF /* main.m */,
			);
			name = "Supporting Files";
			sourceTree = "<group>";
		};
		8CE86DB515F8D9420060E004 /* ObjectALDemo */ = {
			isa = PBXGroup;
			children = (
				8CE86DB615F8D9420060E004 /* AssetSources.txt */,
				8CE86DB715F8D9420060E004 /* Back.png */,
				8CC0E3D115FAFBB8001AEB04 /* ColdFunk-Intro.caf */,
				8CE86DB815F8D9420060E004 /* ColdFunk.caf */,
				8CE86DB915F8D9420060E004 /* Exit.png */,
				8CE86DBA15F8D9420060E004 /* Ganymede.png */,
				8CE86DBB15F8D9420060E004 /* HappyAlley.caf */,
				8CE86DBC15F8D9420060E004 /* Jupiter.png */,
				8CE86DBD15F8D9420060E004 /* Next.png */,
				8CE86DBE15F8D9420060E004 /* panel-bg.png */,
				8CE86DBF15F8D9420060E004 /* panel-lamp-off.png */,
				8CE86DC015F8D9420060E004 /* panel-lamp-on.png */,
				8CE86DC115F8D9420060E004 /* panel-slider-knob.png */,
				8CE86DC215F8D9420060E004 /* panel-slider-track-long.png */,
				8CE86DC315F8D9420060E004 /* panel-slider-track.png */,
				8CE86DC415F8D9420060E004 /* panel-trim-horiz.png */,
				8CE86DC515F8D9420060E004 /* panel-trim-vert.png */,
				8CE86DC615F8D9420060E004 /* Pew.caf */,
				8CE86DC715F8D9420060E004 /* PlanetKiller.mp3 */,
				8CE86DC815F8D9420060E004 /* Pow.caf */,
				8CE86DC915F8D9420060E004 /* RocketShip.png */,
				8CE86DCA15F8D9420060E004 /* vu-face.png */,
				8CE86DCB15F8D9420060E004 /* vu-needle.png */,
				8CE86DCC15F8D9420060E004 /* vu-shell.png */,
			);
			name = ObjectALDemo;
			path = Resources/ObjectALDemo;
			sourceTree = "<group>";
		};
/* End PBXGroup section */

/* Begin PBXHeadersBuildPhase section */
		390E99341482C4BE002E14E7 /* Headers */ = {
			isa = PBXHeadersBuildPhase;
			buildActionMask = 2147483647;
			files = (
				394AF5D616127B210083B392 /* OALAction.h in Headers */,
				394AF5D816127B210083B392 /* OALActionManager.h in Headers */,
				394AF5D916127B210083B392 /* OALAudioActions.h in Headers */,
				394AF5DA16127B210083B392 /* OALUtilityActions.h in Headers */,
				394AF5DB16127B210083B392 /* OALAudioTrack.h in Headers */,
				394AF5DC16127B210083B392 /* OALAudioTrackNotifications.h in Headers */,
				394AF5DD16127B210083B392 /* OALAudioTracks.h in Headers */,
				394AF5DE16127B210083B392 /* ALBuffer.h in Headers */,
				394AF5DF16127B210083B392 /* ALCaptureDevice.h in Headers */,
				394AF5E016127B210083B392 /* ALChannelSource.h in Headers */,
				394AF5E116127B210083B392 /* ALContext.h in Headers */,
				394AF5E216127B210083B392 /* ALDevice.h in Headers */,
				394AF5E316127B210083B392 /* ALListener.h in Headers */,
				394AF5E416127B210083B392 /* ALSoundSource.h in Headers */,
				394AF5E516127B210083B392 /* ALSoundSourcePool.h in Headers */,
				394AF5E616127B210083B392 /* ALSource.h in Headers */,
				394AF5E716127B210083B392 /* ALTypes.h in Headers */,
				394AF5E816127B210083B392 /* ALWrapper.h in Headers */,
				394AF5E916127B210083B392 /* OpenALManager.h in Headers */,
				394AF5EA16127B210083B392 /* OALAudioSession.h in Headers */,
				394AF5EB16127B210083B392 /* OALSuspendHandler.h in Headers */,
				394AF5EC16127B210083B392 /* ARCSafe_MemMgmt.h in Headers */,
				394AF5ED16127B210083B392 /* IOSVersion.h in Headers */,
				394AF5EE16127B210083B392 /* mach_timing.h in Headers */,
				394AF5EF16127B210083B392 /* NSMutableArray+WeakReferences.h in Headers */,
				394AF5F016127B210083B392 /* NSMutableDictionary+WeakReferences.h in Headers */,
				394AF5F116127B210083B392 /* OALAudioFile.h in Headers */,
				394AF5F216127B210083B392 /* OALNotifications.h in Headers */,
				394AF5F316127B210083B392 /* OALTools.h in Headers */,
				394AF5F416127B210083B392 /* ObjectALMacros.h in Headers */,
				394AF5F516127B210083B392 /* SynthesizeSingleton.h in Headers */,
				394AF5F616127B210083B392 /* OALSimpleAudio.h in Headers */,
				394AF5F716127B210083B392 /* ObjectAL.h in Headers */,
				394AF5D716127B210083B392 /* OALAction+Private.h in Headers */,
			);
			runOnlyForDeploymentPostprocessing = 0;
		};
/* End PBXHeadersBuildPhase section */

/* Begin PBXLegacyTarget section */
		390E99601482C8E9002E14E7 /* Documentation */ = {
			isa = PBXLegacyTarget;
			buildArgumentsString = "$(ACTION)";
			buildConfigurationList = 390E99611482C8EA002E14E7 /* Build configuration list for PBXLegacyTarget "Documentation" */;
			buildPhases = (
			);
			buildToolPath = ./build_docs.sh;
			dependencies = (
			);
			name = Documentation;
			passBuildSettingsInEnvironment = 1;
			productName = Documentation;
		};
/* End PBXLegacyTarget section */

/* Begin PBXNativeTarget section */
		390E99351482C4BE002E14E7 /* ObjectAL */ = {
			isa = PBXNativeTarget;
			buildConfigurationList = 390E993E1482C4BE002E14E7 /* Build configuration list for PBXNativeTarget "ObjectAL" */;
			buildPhases = (
				390E99321482C4BE002E14E7 /* Sources */,
				390E99331482C4BE002E14E7 /* Frameworks */,
				390E99341482C4BE002E14E7 /* Headers */,
			);
			buildRules = (
			);
			dependencies = (
			);
			name = ObjectAL;
			productName = ObjectAL;
			productReference = 390E99361482C4BE002E14E7 /* libObjectAL.a */;
			productType = "com.apple.product-type.library.static";
		};
		398C16BD147D555E000EFEDF /* ObjectALDemo */ = {
			isa = PBXNativeTarget;
			buildConfigurationList = 398C182A147D5560000EFEDF /* Build configuration list for PBXNativeTarget "ObjectALDemo" */;
			buildPhases = (
				398C16BA147D555E000EFEDF /* Sources */,
				398C16BB147D555E000EFEDF /* Frameworks */,
				398C16BC147D555E000EFEDF /* Resources */,
			);
			buildRules = (
			);
			dependencies = (
			);
			name = ObjectALDemo;
			productName = ObjectALDemo;
			productReference = 398C16BE147D555E000EFEDF /* ObjectALDemo.app */;
			productType = "com.apple.product-type.application";
		};
/* End PBXNativeTarget section */

/* Begin PBXProject section */
		398C1684147D5533000EFEDF /* Project object */ = {
			isa = PBXProject;
			attributes = {
				LastUpgradeCheck = 0450;
				ORGANIZATIONNAME = Stenerud;
			};
			buildConfigurationList = 398C1687147D5533000EFEDF /* Build configuration list for PBXProject "ObjectAL" */;
			compatibilityVersion = "Xcode 3.2";
			developmentRegion = English;
			hasScannedForEncodings = 0;
			knownRegions = (
				en,
			);
			mainGroup = 398C1682147D5533000EFEDF;
			productRefGroup = 398C1691147D5533000EFEDF /* Products */;
			projectDirPath = "";
			projectRoot = "";
			targets = (
				390E99351482C4BE002E14E7 /* ObjectAL */,
				398C16BD147D555E000EFEDF /* ObjectALDemo */,
				390E99601482C8E9002E14E7 /* Documentation */,
			);
		};
/* End PBXProject section */

/* Begin PBXResourcesBuildPhase section */
		398C16BC147D555E000EFEDF /* Resources */ = {
			isa = PBXResourcesBuildPhase;
			buildActionMask = 2147483647;
			files = (
				8CE86DCD15F8D9420060E004 /* Default-Landscape~ipad.png in Resources */,
				8CE86DCE15F8D9420060E004 /* Default.png in Resources */,
				8CE86DCF15F8D9420060E004 /* fps_images-hd.png in Resources */,
				8CE86DD015F8D9420060E004 /* fps_images-ipadhd.png in Resources */,
				8CE86DD115F8D9420060E004 /* fps_images.png in Resources */,
				8CE86DD215F8D9420060E004 /* Icon-72.png in Resources */,
				8CE86DD315F8D9420060E004 /* Icon-Small-50.png in Resources */,
				8CE86DD415F8D9420060E004 /* Icon-Small.png in Resources */,
				8CE86DD515F8D9420060E004 /* Icon-Small@2x.png in Resources */,
				8CE86DD615F8D9420060E004 /* Icon.png in Resources */,
				8CE86DD715F8D9420060E004 /* Icon@2x.png in Resources */,
				8CE86DD815F8D9420060E004 /* iTunesArtwork in Resources */,
				8CE86DD915F8D9420060E004 /* AssetSources.txt in Resources */,
				8CE86DDA15F8D9420060E004 /* Back.png in Resources */,
				8CE86DDB15F8D9420060E004 /* ColdFunk.caf in Resources */,
				8CE86DDC15F8D9420060E004 /* Exit.png in Resources */,
				8CE86DDD15F8D9420060E004 /* Ganymede.png in Resources */,
				8CE86DDE15F8D9420060E004 /* HappyAlley.caf in Resources */,
				8CE86DDF15F8D9420060E004 /* Jupiter.png in Resources */,
				8CE86DE015F8D9420060E004 /* Next.png in Resources */,
				8CE86DE115F8D9420060E004 /* panel-bg.png in Resources */,
				8CE86DE215F8D9420060E004 /* panel-lamp-off.png in Resources */,
				8CE86DE315F8D9420060E004 /* panel-lamp-on.png in Resources */,
				8CE86DE415F8D9420060E004 /* panel-slider-knob.png in Resources */,
				8CE86DE515F8D9420060E004 /* panel-slider-track-long.png in Resources */,
				8CE86DE615F8D9420060E004 /* panel-slider-track.png in Resources */,
				8CE86DE715F8D9420060E004 /* panel-trim-horiz.png in Resources */,
				8CE86DE815F8D9420060E004 /* panel-trim-vert.png in Resources */,
				8CE86DE915F8D9420060E004 /* Pew.caf in Resources */,
				8CE86DEA15F8D9420060E004 /* PlanetKiller.mp3 in Resources */,
				8CE86DEB15F8D9420060E004 /* Pow.caf in Resources */,
				8CE86DEC15F8D9420060E004 /* RocketShip.png in Resources */,
				8CE86DED15F8D9420060E004 /* vu-face.png in Resources */,
				8CE86DEE15F8D9420060E004 /* vu-needle.png in Resources */,
				8CE86DEF15F8D9420060E004 /* vu-shell.png in Resources */,
				8CC0E3D215FAFBB8001AEB04 /* ColdFunk-Intro.caf in Resources */,
				3961E30F1649E2320008A65B /* Default-568h@2x.png in Resources */,
			);
			runOnlyForDeploymentPostprocessing = 0;
		};
/* End PBXResourcesBuildPhase section */

/* Begin PBXSourcesBuildPhase section */
		390E99321482C4BE002E14E7 /* Sources */ = {
			isa = PBXSourcesBuildPhase;
			buildActionMask = 2147483647;
			files = (
				390E99411482C4CB002E14E7 /* OALAction.m in Sources */,
				390E99421482C508002E14E7 /* OALActionManager.m in Sources */,
				390E99431482C508002E14E7 /* OALAudioActions.m in Sources */,
				390E99451482C508002E14E7 /* OALUtilityActions.m in Sources */,
				390E99461482C508002E14E7 /* OALAudioTrack.m in Sources */,
				390E99471482C508002E14E7 /* OALAudioTrackNotifications.m in Sources */,
				390E99481482C508002E14E7 /* OALAudioTracks.m in Sources */,
				390E99491482C508002E14E7 /* ALBuffer.m in Sources */,
				390E994A1482C508002E14E7 /* ALCaptureDevice.m in Sources */,
				390E994B1482C508002E14E7 /* ALChannelSource.m in Sources */,
				390E994C1482C508002E14E7 /* ALContext.m in Sources */,
				390E994D1482C508002E14E7 /* ALDevice.m in Sources */,
				390E994E1482C508002E14E7 /* ALListener.m in Sources */,
				390E994F1482C508002E14E7 /* ALSoundSourcePool.m in Sources */,
				390E99501482C508002E14E7 /* ALSource.m in Sources */,
				390E99511482C508002E14E7 /* ALWrapper.m in Sources */,
				390E99521482C508002E14E7 /* OpenALManager.m in Sources */,
				390E99531482C508002E14E7 /* OALAudioSession.m in Sources */,
				390E99541482C508002E14E7 /* OALSuspendHandler.m in Sources */,
				390E99551482C508002E14E7 /* IOSVersion.m in Sources */,
				390E99561482C508002E14E7 /* mach_timing.c in Sources */,
				390E99571482C508002E14E7 /* NSMutableArray+WeakReferences.m in Sources */,
				390E99581482C508002E14E7 /* OALAudioFile.m in Sources */,
				390E99591482C508002E14E7 /* OALTools.m in Sources */,
				390E995A1482C508002E14E7 /* OALSimpleAudio.m in Sources */,
				390B671115F95B1500C6F101 /* NSMutableDictionary+WeakReferences.m in Sources */,
			);
			runOnlyForDeploymentPostprocessing = 0;
		};
		398C16BA147D555E000EFEDF /* Sources */ = {
			isa = PBXSourcesBuildPhase;
			buildActionMask = 2147483647;
			files = (
				398C181F147D5560000EFEDF /* main.m in Sources */,
				398C1822147D5560000EFEDF /* AppDelegate.m in Sources */,
				398C1828147D5560000EFEDF /* MainScene.m in Sources */,
				3914D996147D5B570010C4A2 /* AudioSessionDemo.m in Sources */,
				3914D998147D5B570010C4A2 /* AudioTrackDemo.m in Sources */,
				3914D99A147D5B570010C4A2 /* ChannelsDemo.m in Sources */,
				3914D99C147D5B570010C4A2 /* CrossFadeDemo.m in Sources */,
				3914D99E147D5B570010C4A2 /* FadeDemo.m in Sources */,
				3914D9A0147D5B570010C4A2 /* HardwareDemo.m in Sources */,
				3914D9A2147D5B570010C4A2 /* PlanetKillerDemo.m in Sources */,
				3914D9A4147D5B570010C4A2 /* SingleSourceDemo.m in Sources */,
				3914D9A6147D5B570010C4A2 /* TwoSourceDemo.m in Sources */,
				3914D9A8147D5B570010C4A2 /* VolumePitchPanDemo.m in Sources */,
				3914D9AA147D5B570010C4A2 /* Button.m in Sources */,
				3914D9AC147D5B570010C4A2 /* CallFuncWithObject.m in Sources */,
				3914D9AE147D5B570010C4A2 /* CCLayer+AudioPanel.m in Sources */,
				3914D9B0147D5B570010C4A2 /* CCLayer+Scene.m in Sources */,
				3914D9B2147D5B570010C4A2 /* CCNode+ContentSize.m in Sources */,
				3914D9B4147D5B570010C4A2 /* ImageAndLabelButton.m in Sources */,
				3914D9B6147D5B570010C4A2 /* ImageButton.m in Sources */,
				3914D9B8147D5B570010C4A2 /* LampButton.m in Sources */,
				3914D9BA147D5B570010C4A2 /* RNG.m in Sources */,
				3914D9BC147D5B570010C4A2 /* Slider.m in Sources */,
				3914D9BE147D5B570010C4A2 /* TargetedAction.m in Sources */,
				3914D9C0147D5B570010C4A2 /* TouchableNode.m in Sources */,
				3914D9C2147D5B570010C4A2 /* VUMeter.m in Sources */,
				39169B5314D381EE00082A89 /* ReverbDemo.m in Sources */,
				8CE86DF215F8D9620060E004 /* IntroLayer.m in Sources */,
				8CC0E3D615FAFBE9001AEB04 /* SourceNotificationsDemo.m in Sources */,
				8CC0E3DF15FAFCD6001AEB04 /* IntroAndMainTrackDemo.m in Sources */,
			);
			runOnlyForDeploymentPostprocessing = 0;
		};
/* End PBXSourcesBuildPhase section */

/* Begin PBXVariantGroup section */
		398C1695147D5533000EFEDF /* InfoPlist.strings */ = {
			isa = PBXVariantGroup;
			children = (
				398C1696147D5533000EFEDF /* en */,
			);
			name = InfoPlist.strings;
			sourceTree = "<group>";
		};
		398C16AC147D5533000EFEDF /* InfoPlist.strings */ = {
			isa = PBXVariantGroup;
			children = (
				398C16AD147D5533000EFEDF /* en */,
			);
			name = InfoPlist.strings;
			sourceTree = "<group>";
		};
/* End PBXVariantGroup section */

/* Begin XCBuildConfiguration section */
		390E993F1482C4BE002E14E7 /* Debug */ = {
			isa = XCBuildConfiguration;
			buildSettings = {
				ALWAYS_SEARCH_USER_PATHS = NO;
				CLANG_ANALYZER_SECURITY_FLOATLOOPCOUNTER = YES;
				CLANG_ANALYZER_SECURITY_INSECUREAPI_RAND = YES;
				CLANG_ANALYZER_SECURITY_INSECUREAPI_STRCPY = YES;
				CLANG_WARN_DEPRECATED_OBJC_IMPLEMENTATIONS = YES;
				CLANG_WARN_EMPTY_BODY = YES;
				CLANG_WARN_IMPLICIT_SIGN_CONVERSION = YES;
				CLANG_WARN_OBJCPP_ARC_ABI = YES;
				CLANG_WARN_OBJC_IMPLICIT_ATOMIC_PROPERTIES = YES;
				CLANG_WARN_OBJC_MISSING_PROPERTY_SYNTHESIS = YES;
				CLANG_WARN_OBJC_RECEIVER_WEAK = YES;
				CLANG_WARN_SUSPICIOUS_IMPLICIT_CONVERSION = YES;
				CLANG_WARN__DUPLICATE_METHOD_MATCH = YES;
				CLANG_WARN__EXIT_TIME_DESTRUCTORS = YES;
				DSTROOT = /tmp/ObjectAL.dst;
				FRAMEWORK_SEARCH_PATHS = (
					"$(inherited)",
					"\"$(DEVELOPER_FRAMEWORKS_DIR)\"",
				);
				GCC_PRECOMPILE_PREFIX_HEADER = YES;
				GCC_PREFIX_HEADER = "ObjectAL/ObjectAL-Prefix.pch";
				GCC_THUMB_SUPPORT = NO;
				GCC_WARN_64_TO_32_BIT_CONVERSION = YES;
				GCC_WARN_ABOUT_MISSING_FIELD_INITIALIZERS = YES;
				GCC_WARN_ABOUT_MISSING_NEWLINE = YES;
				GCC_WARN_HIDDEN_VIRTUAL_FUNCTIONS = YES;
				GCC_WARN_INITIALIZER_NOT_FULLY_BRACKETED = YES;
				GCC_WARN_NON_VIRTUAL_DESTRUCTOR = YES;
				GCC_WARN_SHADOW = YES;
				GCC_WARN_SIGN_COMPARE = YES;
				GCC_WARN_STRICT_SELECTOR_MATCH = YES;
				GCC_WARN_UNDECLARED_SELECTOR = YES;
				GCC_WARN_UNINITIALIZED_AUTOS = YES;
				GCC_WARN_UNKNOWN_PRAGMAS = YES;
				GCC_WARN_UNUSED_FUNCTION = YES;
				GCC_WARN_UNUSED_LABEL = YES;
				GCC_WARN_UNUSED_PARAMETER = YES;
				LIBRARY_SEARCH_PATHS = (
					"$(inherited)",
					"\"$(SRCROOT)/../build/Release-iphoneos\"",
				);
				PRIVATE_HEADERS_FOLDER_PATH = "include/$(TARGET_NAME)";
				PRODUCT_NAME = "$(TARGET_NAME)";
				PUBLIC_HEADERS_FOLDER_PATH = "include/$(TARGET_NAME)";
				SKIP_INSTALL = YES;
				USER_HEADER_SEARCH_PATHS = "../cocos2d-iphone/**";
			};
			name = Debug;
		};
		390E99401482C4BE002E14E7 /* Release */ = {
			isa = XCBuildConfiguration;
			buildSettings = {
				ALWAYS_SEARCH_USER_PATHS = NO;
				CLANG_ANALYZER_SECURITY_FLOATLOOPCOUNTER = YES;
				CLANG_ANALYZER_SECURITY_INSECUREAPI_RAND = YES;
				CLANG_ANALYZER_SECURITY_INSECUREAPI_STRCPY = YES;
				CLANG_WARN_DEPRECATED_OBJC_IMPLEMENTATIONS = YES;
				CLANG_WARN_EMPTY_BODY = YES;
				CLANG_WARN_IMPLICIT_SIGN_CONVERSION = YES;
				CLANG_WARN_OBJCPP_ARC_ABI = YES;
				CLANG_WARN_OBJC_IMPLICIT_ATOMIC_PROPERTIES = YES;
				CLANG_WARN_OBJC_MISSING_PROPERTY_SYNTHESIS = YES;
				CLANG_WARN_OBJC_RECEIVER_WEAK = YES;
				CLANG_WARN_SUSPICIOUS_IMPLICIT_CONVERSION = YES;
				CLANG_WARN__DUPLICATE_METHOD_MATCH = YES;
				CLANG_WARN__EXIT_TIME_DESTRUCTORS = YES;
				DSTROOT = /tmp/ObjectAL.dst;
				FRAMEWORK_SEARCH_PATHS = (
					"$(inherited)",
					"\"$(DEVELOPER_FRAMEWORKS_DIR)\"",
				);
				GCC_PRECOMPILE_PREFIX_HEADER = YES;
				GCC_PREFIX_HEADER = "ObjectAL/ObjectAL-Prefix.pch";
				GCC_THUMB_SUPPORT = NO;
				GCC_WARN_64_TO_32_BIT_CONVERSION = YES;
				GCC_WARN_ABOUT_MISSING_FIELD_INITIALIZERS = YES;
				GCC_WARN_ABOUT_MISSING_NEWLINE = YES;
				GCC_WARN_HIDDEN_VIRTUAL_FUNCTIONS = YES;
				GCC_WARN_INITIALIZER_NOT_FULLY_BRACKETED = YES;
				GCC_WARN_NON_VIRTUAL_DESTRUCTOR = YES;
				GCC_WARN_SHADOW = YES;
				GCC_WARN_SIGN_COMPARE = YES;
				GCC_WARN_STRICT_SELECTOR_MATCH = YES;
				GCC_WARN_UNDECLARED_SELECTOR = YES;
				GCC_WARN_UNINITIALIZED_AUTOS = YES;
				GCC_WARN_UNKNOWN_PRAGMAS = YES;
				GCC_WARN_UNUSED_FUNCTION = YES;
				GCC_WARN_UNUSED_LABEL = YES;
				GCC_WARN_UNUSED_PARAMETER = YES;
				LIBRARY_SEARCH_PATHS = (
					"$(inherited)",
					"\"$(SRCROOT)/../build/Release-iphoneos\"",
				);
				PRIVATE_HEADERS_FOLDER_PATH = "include/$(TARGET_NAME)";
				PRODUCT_NAME = "$(TARGET_NAME)";
				PUBLIC_HEADERS_FOLDER_PATH = "include/$(TARGET_NAME)";
				SKIP_INSTALL = YES;
				USER_HEADER_SEARCH_PATHS = "../cocos2d-iphone/**";
			};
			name = Release;
		};
		390E99621482C8EA002E14E7 /* Debug */ = {
			isa = XCBuildConfiguration;
			buildSettings = {
				ARCHS = "$(ARCHS_STANDARD_64_BIT)";
				COMBINE_HIDPI_IMAGES = YES;
				DEBUGGING_SYMBOLS = YES;
				GCC_ENABLE_OBJC_EXCEPTIONS = YES;
				GCC_GENERATE_DEBUGGING_SYMBOLS = YES;
				GCC_OPTIMIZATION_LEVEL = 0;
				GCC_WARN_64_TO_32_BIT_CONVERSION = YES;
				MACOSX_DEPLOYMENT_TARGET = 10.6;
				ONLY_ACTIVE_ARCH = YES;
				OTHER_CFLAGS = "";
				OTHER_LDFLAGS = "";
				PRODUCT_NAME = "$(TARGET_NAME)";
				SDKROOT = macosx;
			};
			name = Debug;
		};
		390E99631482C8EA002E14E7 /* Release */ = {
			isa = XCBuildConfiguration;
			buildSettings = {
				ARCHS = "$(ARCHS_STANDARD_64_BIT)";
				COMBINE_HIDPI_IMAGES = YES;
				DEBUG_INFORMATION_FORMAT = "dwarf-with-dsym";
				GCC_ENABLE_OBJC_EXCEPTIONS = YES;
				GCC_WARN_64_TO_32_BIT_CONVERSION = YES;
				MACOSX_DEPLOYMENT_TARGET = 10.6;
				OTHER_CFLAGS = "";
				OTHER_LDFLAGS = "";
				PRODUCT_NAME = "$(TARGET_NAME)";
				SDKROOT = macosx;
			};
			name = Release;
		};
		398C16B2147D5533000EFEDF /* Debug */ = {
			isa = XCBuildConfiguration;
			buildSettings = {
				ALWAYS_SEARCH_USER_PATHS = YES;
				ARCHS = (
					"$(ARCHS_STANDARD_32_BIT)",
					armv6,
				);
				COPY_PHASE_STRIP = NO;
				GCC_C_LANGUAGE_STANDARD = gnu99;
				GCC_DYNAMIC_NO_PIC = NO;
				GCC_OPTIMIZATION_LEVEL = 0;
				GCC_PREPROCESSOR_DEFINITIONS = (
					"DEBUG=1",
					"CC_ENABLE_GL_STATE_CACHE=1",
					"CC_ENABLE_DEPRECATED=0",
					"$(inherited)",
				);
				GCC_SYMBOLS_PRIVATE_EXTERN = NO;
				GCC_THUMB_SUPPORT = NO;
				GCC_VERSION = com.apple.compilers.llvm.clang.1_0;
				GCC_WARN_ABOUT_MISSING_PROTOTYPES = YES;
				GCC_WARN_ABOUT_RETURN_TYPE = YES;
				GCC_WARN_UNUSED_VARIABLE = YES;
				IPHONEOS_DEPLOYMENT_TARGET = 4.0;
				SDKROOT = iphoneos;
				USER_HEADER_SEARCH_PATHS = "../cocos2d-iphone/**";
			};
			name = Debug;
		};
		398C16B3147D5533000EFEDF /* Release */ = {
			isa = XCBuildConfiguration;
			buildSettings = {
				ALWAYS_SEARCH_USER_PATHS = YES;
				ARCHS = (
					"$(ARCHS_STANDARD_32_BIT)",
					armv6,
				);
				COPY_PHASE_STRIP = YES;
				GCC_C_LANGUAGE_STANDARD = gnu99;
				GCC_PREPROCESSOR_DEFINITIONS = (
					"CC_ENABLE_GL_STATE_CACHE=1",
					"CC_ENABLE_DEPRECATED=0",
				);
				GCC_THUMB_SUPPORT = NO;
				GCC_VERSION = com.apple.compilers.llvm.clang.1_0;
				GCC_WARN_ABOUT_MISSING_PROTOTYPES = YES;
				GCC_WARN_ABOUT_RETURN_TYPE = YES;
				GCC_WARN_UNUSED_VARIABLE = YES;
				IPHONEOS_DEPLOYMENT_TARGET = 4.0;
				SDKROOT = iphoneos;
				USER_HEADER_SEARCH_PATHS = "../cocos2d-iphone/**";
				VALIDATE_PRODUCT = YES;
			};
			name = Release;
		};
		398C182B147D5560000EFEDF /* Debug */ = {
			isa = XCBuildConfiguration;
			buildSettings = {
				ALWAYS_SEARCH_USER_PATHS = NO;
				CLANG_ENABLE_OBJC_ARC = NO;
				"CODE_SIGN_IDENTITY[sdk=iphoneos*]" = "iPhone Developer";
				COPY_PHASE_STRIP = NO;
				FRAMEWORK_SEARCH_PATHS = (
					"$(inherited)",
					"\"$(DEVELOPER_FRAMEWORKS_DIR)\"",
				);
				GCC_DYNAMIC_NO_PIC = NO;
				GCC_PRECOMPILE_PREFIX_HEADER = YES;
				GCC_PREFIX_HEADER = ObjectALDemo/Prefix.pch;
				GCC_PREPROCESSOR_DEFINITIONS = (
					DEBUG,
					"COCOS2D_DEBUG=1",
				);
				GCC_THUMB_SUPPORT = NO;
				INFOPLIST_FILE = ObjectALDemo/Resources/Info.plist;
				IPHONEOS_DEPLOYMENT_TARGET = 5.1;
				LIBRARY_SEARCH_PATHS = (
					"$(inherited)",
					"\"$(SRCROOT)/../build/Release-iphoneos\"",
				);
				OTHER_LDFLAGS = "-ObjC";
				PRODUCT_NAME = "$(TARGET_NAME)";
				TARGETED_DEVICE_FAMILY = 1;
				USER_HEADER_SEARCH_PATHS = "../cocos2d-iphone/**";
				WRAPPER_EXTENSION = app;
			};
			name = Debug;
		};
		398C182C147D5560000EFEDF /* Release */ = {
			isa = XCBuildConfiguration;
			buildSettings = {
				ALWAYS_SEARCH_USER_PATHS = NO;
				CLANG_ENABLE_OBJC_ARC = NO;
				"CODE_SIGN_IDENTITY[sdk=iphoneos*]" = "iPhone Developer";
				COPY_PHASE_STRIP = YES;
				FRAMEWORK_SEARCH_PATHS = (
					"$(inherited)",
					"\"$(DEVELOPER_FRAMEWORKS_DIR)\"",
				);
				GCC_PRECOMPILE_PREFIX_HEADER = YES;
				GCC_PREFIX_HEADER = ObjectALDemo/Prefix.pch;
				GCC_PREPROCESSOR_DEFINITIONS = NDEBUG;
				GCC_THUMB_SUPPORT = NO;
				INFOPLIST_FILE = ObjectALDemo/Resources/Info.plist;
				IPHONEOS_DEPLOYMENT_TARGET = 5.1;
				LIBRARY_SEARCH_PATHS = (
					"$(inherited)",
					"\"$(SRCROOT)/../build/Release-iphoneos\"",
				);
				OTHER_CFLAGS = "-DNS_BLOCK_ASSERTIONS=1";
				OTHER_LDFLAGS = "-ObjC";
				PRODUCT_NAME = "$(TARGET_NAME)";
				TARGETED_DEVICE_FAMILY = 1;
				USER_HEADER_SEARCH_PATHS = "../cocos2d-iphone/**";
				VALIDATE_PRODUCT = YES;
				WRAPPER_EXTENSION = app;
			};
			name = Release;
		};
/* End XCBuildConfiguration section */

/* Begin XCConfigurationList section */
		390E993E1482C4BE002E14E7 /* Build configuration list for PBXNativeTarget "ObjectAL" */ = {
			isa = XCConfigurationList;
			buildConfigurations = (
				390E993F1482C4BE002E14E7 /* Debug */,
				390E99401482C4BE002E14E7 /* Release */,
			);
			defaultConfigurationIsVisible = 0;
			defaultConfigurationName = Release;
		};
		390E99611482C8EA002E14E7 /* Build configuration list for PBXLegacyTarget "Documentation" */ = {
			isa = XCConfigurationList;
			buildConfigurations = (
				390E99621482C8EA002E14E7 /* Debug */,
				390E99631482C8EA002E14E7 /* Release */,
			);
			defaultConfigurationIsVisible = 0;
			defaultConfigurationName = Release;
		};
		398C1687147D5533000EFEDF /* Build configuration list for PBXProject "ObjectAL" */ = {
			isa = XCConfigurationList;
			buildConfigurations = (
				398C16B2147D5533000EFEDF /* Debug */,
				398C16B3147D5533000EFEDF /* Release */,
			);
			defaultConfigurationIsVisible = 0;
			defaultConfigurationName = Release;
		};
		398C182A147D5560000EFEDF /* Build configuration list for PBXNativeTarget "ObjectALDemo" */ = {
			isa = XCConfigurationList;
			buildConfigurations = (
				398C182B147D5560000EFEDF /* Debug */,
				398C182C147D5560000EFEDF /* Release */,
			);
			defaultConfigurationIsVisible = 0;
			defaultConfigurationName = Release;
		};
/* End XCConfigurationList section */
	};
	rootObject = 398C1684147D5533000EFEDF /* Project object */;
}
